
Microsoft Visual Studio Solution File, Format Version 12.00
# Visual Studio 2013
VisualStudioVersion = 12.0.40629.0
MinimumVisualStudioVersion = 10.0.40219.1
Project("{FAE04EC0-301F-11D3-BF4B-00C04F79EFBC}") = "Kraken.Core.FullTrust", "Kraken.Core.FullTrust\Kraken.Core.FullTrust.csproj", "{757C7239-0E1B-41BA-AED5-7A15AC141042}"
EndProject
Project("{FAE04EC0-301F-11D3-BF4B-00C04F79EFBC}") = "Kraken.Core.SandboxTrust", "Kraken.Core.SandboxTrust\Kraken.Core.SandboxTrust.csproj", "{DAB0080D-C9B1-442E-84DF-FC47AD8A442A}"
EndProject
Project("{FAE04EC0-301F-11D3-BF4B-00C04F79EFBC}") = "Kraken.Core.Security", "Kraken.Core.Security\Kraken.Core.Security.csproj", "{8340684F-3374-4741-AF80-63AF161E23DF}"
EndProject
Project("{FAE04EC0-301F-11D3-BF4B-00C04F79EFBC}") = "Kraken.SPFarmLibrary", "Kraken.SPFarmLibrary\Kraken.SPFarmLibrary.csproj", "{EC689A42-1C8E-40CD-8DF7-22A015875809}"
EndProject
Project("{FAE04EC0-301F-11D3-BF4B-00C04F79EFBC}") = "Kraken.SPLoggingCategories", "Kraken.SPLoggingCategories\Kraken.SPLoggingCategories.csproj", "{427C39F1-4F9C-470E-8D65-372D755903D6}"
EndProject
Project("{FAE04EC0-301F-11D3-BF4B-00C04F79EFBC}") = "Kraken.SPSandboxLibrary", "Kraken.SPSandboxLibrary\Kraken.SPSandboxLibrary.csproj", "{DFF9B6EA-5C6E-4079-8506-181220FC7148}"
EndProject
Project("{FAE04EC0-301F-11D3-BF4B-00C04F79EFBC}") = "Kraken.Tests", "Kraken.Tests\Kraken.Tests.csproj", "{C48F2229-7581-4AC7-AF29-3C193D612380}"
EndProject
Project("{FAE04EC0-301F-11D3-BF4B-00C04F79EFBC}") = "Kraken.SPFarmLibrary.Nuget", "Kraken.SPFarmLibrary.Nuget\Kraken.SPFarmLibrary.Nuget.csproj", "{0451BAEF-DF2E-4B98-8644-94EE9415E389}"
EndProject
Global
	GlobalSection(SolutionConfigurationPlatforms) = preSolution
		Debug|Any CPU = Debug|Any CPU
		Debug|Mixed Platforms = Debug|Mixed Platforms
		Debug|x64 = Debug|x64
		Debug|x86 = Debug|x86
		DebugSP14_35|Any CPU = DebugSP14_35|Any CPU
		DebugSP14_35|Mixed Platforms = DebugSP14_35|Mixed Platforms
		DebugSP14_35|x64 = DebugSP14_35|x64
		DebugSP14_35|x86 = DebugSP14_35|x86
		DebugSP15_45|Any CPU = DebugSP15_45|Any CPU
		DebugSP15_45|Mixed Platforms = DebugSP15_45|Mixed Platforms
		DebugSP15_45|x64 = DebugSP15_45|x64
		DebugSP15_45|x86 = DebugSP15_45|x86
		FxCopSP14_35|Any CPU = FxCopSP14_35|Any CPU
		FxCopSP14_35|Mixed Platforms = FxCopSP14_35|Mixed Platforms
		FxCopSP14_35|x64 = FxCopSP14_35|x64
		FxCopSP14_35|x86 = FxCopSP14_35|x86
		FxCopSP15_45|Any CPU = FxCopSP15_45|Any CPU
		FxCopSP15_45|Mixed Platforms = FxCopSP15_45|Mixed Platforms
		FxCopSP15_45|x64 = FxCopSP15_45|x64
		FxCopSP15_45|x86 = FxCopSP15_45|x86
		Release|Any CPU = Release|Any CPU
		Release|Mixed Platforms = Release|Mixed Platforms
		Release|x64 = Release|x64
		Release|x86 = Release|x86
		ReleaseSP14_35|Any CPU = ReleaseSP14_35|Any CPU
		ReleaseSP14_35|Mixed Platforms = ReleaseSP14_35|Mixed Platforms
		ReleaseSP14_35|x64 = ReleaseSP14_35|x64
		ReleaseSP14_35|x86 = ReleaseSP14_35|x86
		ReleaseSP15_45|Any CPU = ReleaseSP15_45|Any CPU
		ReleaseSP15_45|Mixed Platforms = ReleaseSP15_45|Mixed Platforms
		ReleaseSP15_45|x64 = ReleaseSP15_45|x64
		ReleaseSP15_45|x86 = ReleaseSP15_45|x86
	EndGlobalSection
	GlobalSection(ProjectConfigurationPlatforms) = postSolution
		{757C7239-0E1B-41BA-AED5-7A15AC141042}.Debug|Any CPU.ActiveCfg = Debug45|Any CPU
		{757C7239-0E1B-41BA-AED5-7A15AC141042}.Debug|Any CPU.Build.0 = Debug45|Any CPU
		{757C7239-0E1B-41BA-AED5-7A15AC141042}.Debug|Mixed Platforms.ActiveCfg = Debug45|Any CPU
		{757C7239-0E1B-41BA-AED5-7A15AC141042}.Debug|Mixed Platforms.Build.0 = Debug45|Any CPU
		{757C7239-0E1B-41BA-AED5-7A15AC141042}.Debug|x64.ActiveCfg = Debug45|Any CPU
		{757C7239-0E1B-41BA-AED5-7A15AC141042}.Debug|x86.ActiveCfg = Debug45|Any CPU
		{757C7239-0E1B-41BA-AED5-7A15AC141042}.DebugSP14_35|Any CPU.ActiveCfg = Debug35|Any CPU
		{757C7239-0E1B-41BA-AED5-7A15AC141042}.DebugSP14_35|Any CPU.Build.0 = Debug35|Any CPU
		{757C7239-0E1B-41BA-AED5-7A15AC141042}.DebugSP14_35|Mixed Platforms.ActiveCfg = Debug40|Any CPU
		{757C7239-0E1B-41BA-AED5-7A15AC141042}.DebugSP14_35|x64.ActiveCfg = Debug35|Any CPU
		{757C7239-0E1B-41BA-AED5-7A15AC141042}.DebugSP14_35|x86.ActiveCfg = Debug35|Any CPU
		{757C7239-0E1B-41BA-AED5-7A15AC141042}.DebugSP15_45|Any CPU.ActiveCfg = Debug45|Any CPU
		{757C7239-0E1B-41BA-AED5-7A15AC141042}.DebugSP15_45|Any CPU.Build.0 = Debug45|Any CPU
		{757C7239-0E1B-41BA-AED5-7A15AC141042}.DebugSP15_45|Mixed Platforms.ActiveCfg = Debug40|Any CPU
		{757C7239-0E1B-41BA-AED5-7A15AC141042}.DebugSP15_45|x64.ActiveCfg = Debug40|Any CPU
		{757C7239-0E1B-41BA-AED5-7A15AC141042}.DebugSP15_45|x86.ActiveCfg = Debug40|Any CPU
		{757C7239-0E1B-41BA-AED5-7A15AC141042}.FxCopSP14_35|Any CPU.ActiveCfg = FxCop35|Any CPU
		{757C7239-0E1B-41BA-AED5-7A15AC141042}.FxCopSP14_35|Any CPU.Build.0 = FxCop35|Any CPU
		{757C7239-0E1B-41BA-AED5-7A15AC141042}.FxCopSP14_35|Mixed Platforms.ActiveCfg = FxCop40|Any CPU
		{757C7239-0E1B-41BA-AED5-7A15AC141042}.FxCopSP14_35|x64.ActiveCfg = FxCop35|Any CPU
		{757C7239-0E1B-41BA-AED5-7A15AC141042}.FxCopSP14_35|x86.ActiveCfg = FxCop35|Any CPU
		{757C7239-0E1B-41BA-AED5-7A15AC141042}.FxCopSP15_45|Any CPU.ActiveCfg = FxCop45|Any CPU
		{757C7239-0E1B-41BA-AED5-7A15AC141042}.FxCopSP15_45|Any CPU.Build.0 = FxCop45|Any CPU
		{757C7239-0E1B-41BA-AED5-7A15AC141042}.FxCopSP15_45|Mixed Platforms.ActiveCfg = FxCop40|Any CPU
		{757C7239-0E1B-41BA-AED5-7A15AC141042}.FxCopSP15_45|x64.ActiveCfg = FxCop40|Any CPU
		{757C7239-0E1B-41BA-AED5-7A15AC141042}.FxCopSP15_45|x86.ActiveCfg = FxCop40|Any CPU
		{757C7239-0E1B-41BA-AED5-7A15AC141042}.Release|Any CPU.ActiveCfg = Release45|Any CPU
		{757C7239-0E1B-41BA-AED5-7A15AC141042}.Release|Any CPU.Build.0 = Release45|Any CPU
		{757C7239-0E1B-41BA-AED5-7A15AC141042}.Release|Mixed Platforms.ActiveCfg = Release45|Any CPU
		{757C7239-0E1B-41BA-AED5-7A15AC141042}.Release|Mixed Platforms.Build.0 = Release45|Any CPU
		{757C7239-0E1B-41BA-AED5-7A15AC141042}.Release|x64.ActiveCfg = Release45|Any CPU
		{757C7239-0E1B-41BA-AED5-7A15AC141042}.Release|x86.ActiveCfg = Release45|Any CPU
		{757C7239-0E1B-41BA-AED5-7A15AC141042}.ReleaseSP14_35|Any CPU.ActiveCfg = Release35|Any CPU
		{757C7239-0E1B-41BA-AED5-7A15AC141042}.ReleaseSP14_35|Any CPU.Build.0 = Release35|Any CPU
		{757C7239-0E1B-41BA-AED5-7A15AC141042}.ReleaseSP14_35|Mixed Platforms.ActiveCfg = Release40|Any CPU
		{757C7239-0E1B-41BA-AED5-7A15AC141042}.ReleaseSP14_35|x64.ActiveCfg = Release35|Any CPU
		{757C7239-0E1B-41BA-AED5-7A15AC141042}.ReleaseSP14_35|x86.ActiveCfg = Release35|Any CPU
		{757C7239-0E1B-41BA-AED5-7A15AC141042}.ReleaseSP15_45|Any CPU.ActiveCfg = Release45|Any CPU
		{757C7239-0E1B-41BA-AED5-7A15AC141042}.ReleaseSP15_45|Any CPU.Build.0 = Release45|Any CPU
		{757C7239-0E1B-41BA-AED5-7A15AC141042}.ReleaseSP15_45|Mixed Platforms.ActiveCfg = Release40|Any CPU
		{757C7239-0E1B-41BA-AED5-7A15AC141042}.ReleaseSP15_45|x64.ActiveCfg = Release40|Any CPU
		{757C7239-0E1B-41BA-AED5-7A15AC141042}.ReleaseSP15_45|x86.ActiveCfg = Release40|Any CPU
		{DAB0080D-C9B1-442E-84DF-FC47AD8A442A}.Debug|Any CPU.ActiveCfg = Debug45|Any CPU
		{DAB0080D-C9B1-442E-84DF-FC47AD8A442A}.Debug|Any CPU.Build.0 = Debug45|Any CPU
		{DAB0080D-C9B1-442E-84DF-FC47AD8A442A}.Debug|Mixed Platforms.ActiveCfg = Debug45|Any CPU
		{DAB0080D-C9B1-442E-84DF-FC47AD8A442A}.Debug|Mixed Platforms.Build.0 = Debug45|Any CPU
		{DAB0080D-C9B1-442E-84DF-FC47AD8A442A}.Debug|x64.ActiveCfg = Debug45|Any CPU
		{DAB0080D-C9B1-442E-84DF-FC47AD8A442A}.Debug|x86.ActiveCfg = Debug45|Any CPU
		{DAB0080D-C9B1-442E-84DF-FC47AD8A442A}.DebugSP14_35|Any CPU.ActiveCfg = Debug35|Any CPU
		{DAB0080D-C9B1-442E-84DF-FC47AD8A442A}.DebugSP14_35|Any CPU.Build.0 = Debug35|Any CPU
		{DAB0080D-C9B1-442E-84DF-FC47AD8A442A}.DebugSP14_35|Mixed Platforms.ActiveCfg = Debug40|Any CPU
		{DAB0080D-C9B1-442E-84DF-FC47AD8A442A}.DebugSP14_35|x64.ActiveCfg = Debug35|Any CPU
		{DAB0080D-C9B1-442E-84DF-FC47AD8A442A}.DebugSP14_35|x86.ActiveCfg = Debug35|Any CPU
		{DAB0080D-C9B1-442E-84DF-FC47AD8A442A}.DebugSP15_45|Any CPU.ActiveCfg = Debug45|Any CPU
		{DAB0080D-C9B1-442E-84DF-FC47AD8A442A}.DebugSP15_45|Any CPU.Build.0 = Debug45|Any CPU
		{DAB0080D-C9B1-442E-84DF-FC47AD8A442A}.DebugSP15_45|Mixed Platforms.ActiveCfg = Debug40|Any CPU
		{DAB0080D-C9B1-442E-84DF-FC47AD8A442A}.DebugSP15_45|x64.ActiveCfg = Debug40|Any CPU
		{DAB0080D-C9B1-442E-84DF-FC47AD8A442A}.DebugSP15_45|x86.ActiveCfg = Debug40|Any CPU
		{DAB0080D-C9B1-442E-84DF-FC47AD8A442A}.FxCopSP14_35|Any CPU.ActiveCfg = FxCop35|Any CPU
		{DAB0080D-C9B1-442E-84DF-FC47AD8A442A}.FxCopSP14_35|Any CPU.Build.0 = FxCop35|Any CPU
		{DAB0080D-C9B1-442E-84DF-FC47AD8A442A}.FxCopSP14_35|Mixed Platforms.ActiveCfg = FxCop40|Any CPU
		{DAB0080D-C9B1-442E-84DF-FC47AD8A442A}.FxCopSP14_35|x64.ActiveCfg = FxCop35|Any CPU
		{DAB0080D-C9B1-442E-84DF-FC47AD8A442A}.FxCopSP14_35|x86.ActiveCfg = FxCop35|Any CPU
		{DAB0080D-C9B1-442E-84DF-FC47AD8A442A}.FxCopSP15_45|Any CPU.ActiveCfg = FxCop45|Any CPU
		{DAB0080D-C9B1-442E-84DF-FC47AD8A442A}.FxCopSP15_45|Any CPU.Build.0 = FxCop45|Any CPU
		{DAB0080D-C9B1-442E-84DF-FC47AD8A442A}.FxCopSP15_45|Mixed Platforms.ActiveCfg = FxCop40|Any CPU
		{DAB0080D-C9B1-442E-84DF-FC47AD8A442A}.FxCopSP15_45|x64.ActiveCfg = FxCop40|Any CPU
		{DAB0080D-C9B1-442E-84DF-FC47AD8A442A}.FxCopSP15_45|x86.ActiveCfg = FxCop40|Any CPU
		{DAB0080D-C9B1-442E-84DF-FC47AD8A442A}.Release|Any CPU.ActiveCfg = Release45|Any CPU
		{DAB0080D-C9B1-442E-84DF-FC47AD8A442A}.Release|Any CPU.Build.0 = Release45|Any CPU
		{DAB0080D-C9B1-442E-84DF-FC47AD8A442A}.Release|Mixed Platforms.ActiveCfg = Release45|Any CPU
		{DAB0080D-C9B1-442E-84DF-FC47AD8A442A}.Release|Mixed Platforms.Build.0 = Release45|Any CPU
		{DAB0080D-C9B1-442E-84DF-FC47AD8A442A}.Release|x64.ActiveCfg = Release45|Any CPU
		{DAB0080D-C9B1-442E-84DF-FC47AD8A442A}.Release|x86.ActiveCfg = Release45|Any CPU
		{DAB0080D-C9B1-442E-84DF-FC47AD8A442A}.ReleaseSP14_35|Any CPU.ActiveCfg = Release35|Any CPU
		{DAB0080D-C9B1-442E-84DF-FC47AD8A442A}.ReleaseSP14_35|Any CPU.Build.0 = Release35|Any CPU
		{DAB0080D-C9B1-442E-84DF-FC47AD8A442A}.ReleaseSP14_35|Mixed Platforms.ActiveCfg = Release40|Any CPU
		{DAB0080D-C9B1-442E-84DF-FC47AD8A442A}.ReleaseSP14_35|x64.ActiveCfg = Release35|Any CPU
		{DAB0080D-C9B1-442E-84DF-FC47AD8A442A}.ReleaseSP14_35|x86.ActiveCfg = Release35|Any CPU
		{DAB0080D-C9B1-442E-84DF-FC47AD8A442A}.ReleaseSP15_45|Any CPU.ActiveCfg = Release45|Any CPU
		{DAB0080D-C9B1-442E-84DF-FC47AD8A442A}.ReleaseSP15_45|Any CPU.Build.0 = Release45|Any CPU
		{DAB0080D-C9B1-442E-84DF-FC47AD8A442A}.ReleaseSP15_45|Mixed Platforms.ActiveCfg = Release40|Any CPU
		{DAB0080D-C9B1-442E-84DF-FC47AD8A442A}.ReleaseSP15_45|x64.ActiveCfg = Release40|Any CPU
		{DAB0080D-C9B1-442E-84DF-FC47AD8A442A}.ReleaseSP15_45|x86.ActiveCfg = Release40|Any CPU
		{8340684F-3374-4741-AF80-63AF161E23DF}.Debug|Any CPU.ActiveCfg = Debug45|Any CPU
		{8340684F-3374-4741-AF80-63AF161E23DF}.Debug|Any CPU.Build.0 = Debug45|Any CPU
		{8340684F-3374-4741-AF80-63AF161E23DF}.Debug|Mixed Platforms.ActiveCfg = Debug45|Any CPU
		{8340684F-3374-4741-AF80-63AF161E23DF}.Debug|Mixed Platforms.Build.0 = Debug45|Any CPU
		{8340684F-3374-4741-AF80-63AF161E23DF}.Debug|x64.ActiveCfg = Debug45|Any CPU
		{8340684F-3374-4741-AF80-63AF161E23DF}.Debug|x86.ActiveCfg = Debug45|Any CPU
		{8340684F-3374-4741-AF80-63AF161E23DF}.DebugSP14_35|Any CPU.ActiveCfg = Debug35|Any CPU
		{8340684F-3374-4741-AF80-63AF161E23DF}.DebugSP14_35|Any CPU.Build.0 = Debug35|Any CPU
		{8340684F-3374-4741-AF80-63AF161E23DF}.DebugSP14_35|Mixed Platforms.ActiveCfg = Debug40|Any CPU
		{8340684F-3374-4741-AF80-63AF161E23DF}.DebugSP14_35|x64.ActiveCfg = Debug35|Any CPU
		{8340684F-3374-4741-AF80-63AF161E23DF}.DebugSP14_35|x86.ActiveCfg = Debug35|Any CPU
		{8340684F-3374-4741-AF80-63AF161E23DF}.DebugSP15_45|Any CPU.ActiveCfg = Debug45|Any CPU
		{8340684F-3374-4741-AF80-63AF161E23DF}.DebugSP15_45|Any CPU.Build.0 = Debug45|Any CPU
		{8340684F-3374-4741-AF80-63AF161E23DF}.DebugSP15_45|Mixed Platforms.ActiveCfg = Debug40|Any CPU
		{8340684F-3374-4741-AF80-63AF161E23DF}.DebugSP15_45|x64.ActiveCfg = Debug40|Any CPU
		{8340684F-3374-4741-AF80-63AF161E23DF}.DebugSP15_45|x86.ActiveCfg = Debug40|Any CPU
		{8340684F-3374-4741-AF80-63AF161E23DF}.FxCopSP14_35|Any CPU.ActiveCfg = FxCop35|Any CPU
		{8340684F-3374-4741-AF80-63AF161E23DF}.FxCopSP14_35|Any CPU.Build.0 = FxCop35|Any CPU
		{8340684F-3374-4741-AF80-63AF161E23DF}.FxCopSP14_35|Mixed Platforms.ActiveCfg = FxCop40|Any CPU
		{8340684F-3374-4741-AF80-63AF161E23DF}.FxCopSP14_35|x64.ActiveCfg = FxCop35|Any CPU
		{8340684F-3374-4741-AF80-63AF161E23DF}.FxCopSP14_35|x86.ActiveCfg = FxCop35|Any CPU
		{8340684F-3374-4741-AF80-63AF161E23DF}.FxCopSP15_45|Any CPU.ActiveCfg = FxCop45|Any CPU
		{8340684F-3374-4741-AF80-63AF161E23DF}.FxCopSP15_45|Any CPU.Build.0 = FxCop45|Any CPU
		{8340684F-3374-4741-AF80-63AF161E23DF}.FxCopSP15_45|Mixed Platforms.ActiveCfg = FxCop40|Any CPU
		{8340684F-3374-4741-AF80-63AF161E23DF}.FxCopSP15_45|x64.ActiveCfg = FxCop40|Any CPU
		{8340684F-3374-4741-AF80-63AF161E23DF}.FxCopSP15_45|x86.ActiveCfg = FxCop40|Any CPU
		{8340684F-3374-4741-AF80-63AF161E23DF}.Release|Any CPU.ActiveCfg = Release45|Any CPU
		{8340684F-3374-4741-AF80-63AF161E23DF}.Release|Any CPU.Build.0 = Release45|Any CPU
		{8340684F-3374-4741-AF80-63AF161E23DF}.Release|Mixed Platforms.ActiveCfg = Release45|Any CPU
		{8340684F-3374-4741-AF80-63AF161E23DF}.Release|Mixed Platforms.Build.0 = Release45|Any CPU
		{8340684F-3374-4741-AF80-63AF161E23DF}.Release|x64.ActiveCfg = Release45|Any CPU
		{8340684F-3374-4741-AF80-63AF161E23DF}.Release|x86.ActiveCfg = Release45|Any CPU
		{8340684F-3374-4741-AF80-63AF161E23DF}.ReleaseSP14_35|Any CPU.ActiveCfg = Release35|Any CPU
		{8340684F-3374-4741-AF80-63AF161E23DF}.ReleaseSP14_35|Any CPU.Build.0 = Release35|Any CPU
		{8340684F-3374-4741-AF80-63AF161E23DF}.ReleaseSP14_35|Mixed Platforms.ActiveCfg = Release40|Any CPU
		{8340684F-3374-4741-AF80-63AF161E23DF}.ReleaseSP14_35|x64.ActiveCfg = Release35|Any CPU
		{8340684F-3374-4741-AF80-63AF161E23DF}.ReleaseSP14_35|x86.ActiveCfg = Release35|Any CPU
		{8340684F-3374-4741-AF80-63AF161E23DF}.ReleaseSP15_45|Any CPU.ActiveCfg = Release45|Any CPU
		{8340684F-3374-4741-AF80-63AF161E23DF}.ReleaseSP15_45|Any CPU.Build.0 = Release45|Any CPU
		{8340684F-3374-4741-AF80-63AF161E23DF}.ReleaseSP15_45|Mixed Platforms.ActiveCfg = Release40|Any CPU
		{8340684F-3374-4741-AF80-63AF161E23DF}.ReleaseSP15_45|x64.ActiveCfg = Release40|Any CPU
		{8340684F-3374-4741-AF80-63AF161E23DF}.ReleaseSP15_45|x86.ActiveCfg = Release40|Any CPU
		{EC689A42-1C8E-40CD-8DF7-22A015875809}.Debug|Any CPU.ActiveCfg = DebugSP16_45|Any CPU
		{EC689A42-1C8E-40CD-8DF7-22A015875809}.Debug|Any CPU.Build.0 = DebugSP16_45|Any CPU
		{EC689A42-1C8E-40CD-8DF7-22A015875809}.Debug|Any CPU.Deploy.0 = DebugSP16_45|Any CPU
		{EC689A42-1C8E-40CD-8DF7-22A015875809}.Debug|Mixed Platforms.ActiveCfg = DebugSP16_45|Any CPU
		{EC689A42-1C8E-40CD-8DF7-22A015875809}.Debug|Mixed Platforms.Build.0 = DebugSP16_45|Any CPU
		{EC689A42-1C8E-40CD-8DF7-22A015875809}.Debug|Mixed Platforms.Deploy.0 = DebugSP16_45|Any CPU
		{EC689A42-1C8E-40CD-8DF7-22A015875809}.Debug|x64.ActiveCfg = DebugSP16_45|Any CPU
		{EC689A42-1C8E-40CD-8DF7-22A015875809}.Debug|x86.ActiveCfg = DebugSP16_45|Any CPU
		{EC689A42-1C8E-40CD-8DF7-22A015875809}.DebugSP14_35|Any CPU.ActiveCfg = DebugSP14_35|Any CPU
		{EC689A42-1C8E-40CD-8DF7-22A015875809}.DebugSP14_35|Any CPU.Build.0 = DebugSP14_35|Any CPU
		{EC689A42-1C8E-40CD-8DF7-22A015875809}.DebugSP14_35|Any CPU.Deploy.0 = DebugSP14_35|Any CPU
		{EC689A42-1C8E-40CD-8DF7-22A015875809}.DebugSP14_35|Mixed Platforms.ActiveCfg = DebugSP14_35|Any CPU
		{EC689A42-1C8E-40CD-8DF7-22A015875809}.DebugSP14_35|Mixed Platforms.Build.0 = DebugSP14_35|Any CPU
		{EC689A42-1C8E-40CD-8DF7-22A015875809}.DebugSP14_35|Mixed Platforms.Deploy.0 = DebugSP14_35|Any CPU
		{EC689A42-1C8E-40CD-8DF7-22A015875809}.DebugSP14_35|x64.ActiveCfg = DebugSP14_35|Any CPU
		{EC689A42-1C8E-40CD-8DF7-22A015875809}.DebugSP14_35|x86.ActiveCfg = DebugSP14_35|Any CPU
		{EC689A42-1C8E-40CD-8DF7-22A015875809}.DebugSP15_45|Any CPU.ActiveCfg = DebugSP15_45|Any CPU
		{EC689A42-1C8E-40CD-8DF7-22A015875809}.DebugSP15_45|Any CPU.Build.0 = DebugSP15_45|Any CPU
		{EC689A42-1C8E-40CD-8DF7-22A015875809}.DebugSP15_45|Any CPU.Deploy.0 = DebugSP15_45|Any CPU
		{EC689A42-1C8E-40CD-8DF7-22A015875809}.DebugSP15_45|Mixed Platforms.ActiveCfg = DebugSP15_45|Any CPU
		{EC689A42-1C8E-40CD-8DF7-22A015875809}.DebugSP15_45|Mixed Platforms.Build.0 = DebugSP15_45|Any CPU
		{EC689A42-1C8E-40CD-8DF7-22A015875809}.DebugSP15_45|Mixed Platforms.Deploy.0 = DebugSP15_45|Any CPU
		{EC689A42-1C8E-40CD-8DF7-22A015875809}.DebugSP15_45|x64.ActiveCfg = DebugSP15_45|Any CPU
		{EC689A42-1C8E-40CD-8DF7-22A015875809}.DebugSP15_45|x86.ActiveCfg = DebugSP15_45|Any CPU
		{EC689A42-1C8E-40CD-8DF7-22A015875809}.FxCopSP14_35|Any CPU.ActiveCfg = FxCopSP14_35|Any CPU
		{EC689A42-1C8E-40CD-8DF7-22A015875809}.FxCopSP14_35|Any CPU.Build.0 = FxCopSP14_35|Any CPU
		{EC689A42-1C8E-40CD-8DF7-22A015875809}.FxCopSP14_35|Any CPU.Deploy.0 = FxCopSP14_35|Any CPU
		{EC689A42-1C8E-40CD-8DF7-22A015875809}.FxCopSP14_35|Mixed Platforms.ActiveCfg = FxCopSP14_35|Any CPU
		{EC689A42-1C8E-40CD-8DF7-22A015875809}.FxCopSP14_35|Mixed Platforms.Build.0 = FxCopSP14_35|Any CPU
		{EC689A42-1C8E-40CD-8DF7-22A015875809}.FxCopSP14_35|Mixed Platforms.Deploy.0 = FxCopSP14_35|Any CPU
		{EC689A42-1C8E-40CD-8DF7-22A015875809}.FxCopSP14_35|x64.ActiveCfg = FxCopSP14_35|Any CPU
		{EC689A42-1C8E-40CD-8DF7-22A015875809}.FxCopSP14_35|x86.ActiveCfg = FxCopSP14_35|Any CPU
		{EC689A42-1C8E-40CD-8DF7-22A015875809}.FxCopSP15_45|Any CPU.ActiveCfg = FxCopSP15_45|Any CPU
		{EC689A42-1C8E-40CD-8DF7-22A015875809}.FxCopSP15_45|Any CPU.Build.0 = FxCopSP15_45|Any CPU
		{EC689A42-1C8E-40CD-8DF7-22A015875809}.FxCopSP15_45|Any CPU.Deploy.0 = FxCopSP15_45|Any CPU
		{EC689A42-1C8E-40CD-8DF7-22A015875809}.FxCopSP15_45|Mixed Platforms.ActiveCfg = FxCopSP15_45|Any CPU
		{EC689A42-1C8E-40CD-8DF7-22A015875809}.FxCopSP15_45|Mixed Platforms.Build.0 = FxCopSP15_45|Any CPU
		{EC689A42-1C8E-40CD-8DF7-22A015875809}.FxCopSP15_45|Mixed Platforms.Deploy.0 = FxCopSP15_45|Any CPU
		{EC689A42-1C8E-40CD-8DF7-22A015875809}.FxCopSP15_45|x64.ActiveCfg = FxCopSP15_45|Any CPU
		{EC689A42-1C8E-40CD-8DF7-22A015875809}.FxCopSP15_45|x86.ActiveCfg = FxCopSP15_45|Any CPU
		{EC689A42-1C8E-40CD-8DF7-22A015875809}.Release|Any CPU.ActiveCfg = ReleaseSP16_45|Any CPU
		{EC689A42-1C8E-40CD-8DF7-22A015875809}.Release|Any CPU.Build.0 = ReleaseSP16_45|Any CPU
		{EC689A42-1C8E-40CD-8DF7-22A015875809}.Release|Any CPU.Deploy.0 = ReleaseSP16_45|Any CPU
		{EC689A42-1C8E-40CD-8DF7-22A015875809}.Release|Mixed Platforms.ActiveCfg = ReleaseSP16_45|Any CPU
		{EC689A42-1C8E-40CD-8DF7-22A015875809}.Release|Mixed Platforms.Build.0 = ReleaseSP16_45|Any CPU
		{EC689A42-1C8E-40CD-8DF7-22A015875809}.Release|Mixed Platforms.Deploy.0 = ReleaseSP16_45|Any CPU
		{EC689A42-1C8E-40CD-8DF7-22A015875809}.Release|x64.ActiveCfg = ReleaseSP16_45|Any CPU
		{EC689A42-1C8E-40CD-8DF7-22A015875809}.Release|x86.ActiveCfg = ReleaseSP16_45|Any CPU
		{EC689A42-1C8E-40CD-8DF7-22A015875809}.ReleaseSP14_35|Any CPU.ActiveCfg = ReleaseSP14_35|Any CPU
		{EC689A42-1C8E-40CD-8DF7-22A015875809}.ReleaseSP14_35|Any CPU.Build.0 = ReleaseSP14_35|Any CPU
		{EC689A42-1C8E-40CD-8DF7-22A015875809}.ReleaseSP14_35|Any CPU.Deploy.0 = ReleaseSP14_35|Any CPU
		{EC689A42-1C8E-40CD-8DF7-22A015875809}.ReleaseSP14_35|Mixed Platforms.ActiveCfg = ReleaseSP14_35|Any CPU
		{EC689A42-1C8E-40CD-8DF7-22A015875809}.ReleaseSP14_35|Mixed Platforms.Build.0 = ReleaseSP14_35|Any CPU
		{EC689A42-1C8E-40CD-8DF7-22A015875809}.ReleaseSP14_35|Mixed Platforms.Deploy.0 = ReleaseSP14_35|Any CPU
		{EC689A42-1C8E-40CD-8DF7-22A015875809}.ReleaseSP14_35|x64.ActiveCfg = ReleaseSP14_35|Any CPU
		{EC689A42-1C8E-40CD-8DF7-22A015875809}.ReleaseSP14_35|x86.ActiveCfg = ReleaseSP14_35|Any CPU
		{EC689A42-1C8E-40CD-8DF7-22A015875809}.ReleaseSP15_45|Any CPU.ActiveCfg = ReleaseSP15_45|Any CPU
		{EC689A42-1C8E-40CD-8DF7-22A015875809}.ReleaseSP15_45|Any CPU.Build.0 = ReleaseSP15_45|Any CPU
		{EC689A42-1C8E-40CD-8DF7-22A015875809}.ReleaseSP15_45|Any CPU.Deploy.0 = ReleaseSP15_45|Any CPU
		{EC689A42-1C8E-40CD-8DF7-22A015875809}.ReleaseSP15_45|Mixed Platforms.ActiveCfg = ReleaseSP15_45|Any CPU
		{EC689A42-1C8E-40CD-8DF7-22A015875809}.ReleaseSP15_45|Mixed Platforms.Build.0 = ReleaseSP15_45|Any CPU
		{EC689A42-1C8E-40CD-8DF7-22A015875809}.ReleaseSP15_45|Mixed Platforms.Deploy.0 = ReleaseSP15_45|Any CPU
		{EC689A42-1C8E-40CD-8DF7-22A015875809}.ReleaseSP15_45|x64.ActiveCfg = ReleaseSP15_45|Any CPU
		{EC689A42-1C8E-40CD-8DF7-22A015875809}.ReleaseSP15_45|x86.ActiveCfg = ReleaseSP15_45|Any CPU
		{427C39F1-4F9C-470E-8D65-372D755903D6}.Debug|Any CPU.ActiveCfg = DebugSP16_45|Any CPU
		{427C39F1-4F9C-470E-8D65-372D755903D6}.Debug|Any CPU.Build.0 = DebugSP16_45|Any CPU
		{427C39F1-4F9C-470E-8D65-372D755903D6}.Debug|Any CPU.Deploy.0 = DebugSP16_45|Any CPU
		{427C39F1-4F9C-470E-8D65-372D755903D6}.Debug|Mixed Platforms.ActiveCfg = DebugSP16_45|Any CPU
		{427C39F1-4F9C-470E-8D65-372D755903D6}.Debug|Mixed Platforms.Build.0 = DebugSP16_45|Any CPU
		{427C39F1-4F9C-470E-8D65-372D755903D6}.Debug|Mixed Platforms.Deploy.0 = DebugSP16_45|Any CPU
		{427C39F1-4F9C-470E-8D65-372D755903D6}.Debug|x64.ActiveCfg = DebugSP16_45|Any CPU
		{427C39F1-4F9C-470E-8D65-372D755903D6}.Debug|x86.ActiveCfg = DebugSP16_45|Any CPU
		{427C39F1-4F9C-470E-8D65-372D755903D6}.DebugSP14_35|Any CPU.ActiveCfg = DebugSP14_35|Any CPU
		{427C39F1-4F9C-470E-8D65-372D755903D6}.DebugSP14_35|Any CPU.Build.0 = DebugSP14_35|Any CPU
		{427C39F1-4F9C-470E-8D65-372D755903D6}.DebugSP14_35|Any CPU.Deploy.0 = DebugSP14_35|Any CPU
		{427C39F1-4F9C-470E-8D65-372D755903D6}.DebugSP14_35|Mixed Platforms.ActiveCfg = DebugSP14_35|Any CPU
		{427C39F1-4F9C-470E-8D65-372D755903D6}.DebugSP14_35|x64.ActiveCfg = DebugSP15_45|Any CPU
		{427C39F1-4F9C-470E-8D65-372D755903D6}.DebugSP14_35|x86.ActiveCfg = DebugSP15_45|Any CPU
		{427C39F1-4F9C-470E-8D65-372D755903D6}.DebugSP15_45|Any CPU.ActiveCfg = DebugSP15_45|Any CPU
		{427C39F1-4F9C-470E-8D65-372D755903D6}.DebugSP15_45|Any CPU.Build.0 = DebugSP15_45|Any CPU
		{427C39F1-4F9C-470E-8D65-372D755903D6}.DebugSP15_45|Any CPU.Deploy.0 = DebugSP15_45|Any CPU
		{427C39F1-4F9C-470E-8D65-372D755903D6}.DebugSP15_45|Mixed Platforms.ActiveCfg = DebugSP15_45|Any CPU
		{427C39F1-4F9C-470E-8D65-372D755903D6}.DebugSP15_45|x64.ActiveCfg = DebugSP15_45|Any CPU
		{427C39F1-4F9C-470E-8D65-372D755903D6}.DebugSP15_45|x86.ActiveCfg = DebugSP15_45|Any CPU
		{427C39F1-4F9C-470E-8D65-372D755903D6}.FxCopSP14_35|Any CPU.ActiveCfg = FxCopSP14_35|Any CPU
		{427C39F1-4F9C-470E-8D65-372D755903D6}.FxCopSP14_35|Any CPU.Build.0 = FxCopSP14_35|Any CPU
		{427C39F1-4F9C-470E-8D65-372D755903D6}.FxCopSP14_35|Any CPU.Deploy.0 = FxCopSP14_35|Any CPU
		{427C39F1-4F9C-470E-8D65-372D755903D6}.FxCopSP14_35|Mixed Platforms.ActiveCfg = FxCopSP14_35|Any CPU
		{427C39F1-4F9C-470E-8D65-372D755903D6}.FxCopSP14_35|x64.ActiveCfg = FxCopSP15_45|Any CPU
		{427C39F1-4F9C-470E-8D65-372D755903D6}.FxCopSP14_35|x86.ActiveCfg = FxCopSP15_45|Any CPU
		{427C39F1-4F9C-470E-8D65-372D755903D6}.FxCopSP15_45|Any CPU.ActiveCfg = FxCopSP15_45|Any CPU
		{427C39F1-4F9C-470E-8D65-372D755903D6}.FxCopSP15_45|Any CPU.Build.0 = FxCopSP15_45|Any CPU
		{427C39F1-4F9C-470E-8D65-372D755903D6}.FxCopSP15_45|Any CPU.Deploy.0 = FxCopSP15_45|Any CPU
		{427C39F1-4F9C-470E-8D65-372D755903D6}.FxCopSP15_45|Mixed Platforms.ActiveCfg = FxCopSP15_45|Any CPU
		{427C39F1-4F9C-470E-8D65-372D755903D6}.FxCopSP15_45|x64.ActiveCfg = FxCopSP15_45|Any CPU
		{427C39F1-4F9C-470E-8D65-372D755903D6}.FxCopSP15_45|x86.ActiveCfg = FxCopSP15_45|Any CPU
		{427C39F1-4F9C-470E-8D65-372D755903D6}.Release|Any CPU.ActiveCfg = ReleaseSP16_45|Any CPU
		{427C39F1-4F9C-470E-8D65-372D755903D6}.Release|Any CPU.Build.0 = ReleaseSP16_45|Any CPU
		{427C39F1-4F9C-470E-8D65-372D755903D6}.Release|Any CPU.Deploy.0 = ReleaseSP16_45|Any CPU
		{427C39F1-4F9C-470E-8D65-372D755903D6}.Release|Mixed Platforms.ActiveCfg = ReleaseSP16_45|Any CPU
		{427C39F1-4F9C-470E-8D65-372D755903D6}.Release|Mixed Platforms.Build.0 = ReleaseSP16_45|Any CPU
		{427C39F1-4F9C-470E-8D65-372D755903D6}.Release|Mixed Platforms.Deploy.0 = ReleaseSP16_45|Any CPU
		{427C39F1-4F9C-470E-8D65-372D755903D6}.Release|x64.ActiveCfg = ReleaseSP16_45|Any CPU
		{427C39F1-4F9C-470E-8D65-372D755903D6}.Release|x86.ActiveCfg = ReleaseSP16_45|Any CPU
		{427C39F1-4F9C-470E-8D65-372D755903D6}.ReleaseSP14_35|Any CPU.ActiveCfg = ReleaseSP14_35|Any CPU
		{427C39F1-4F9C-470E-8D65-372D755903D6}.ReleaseSP14_35|Any CPU.Build.0 = ReleaseSP14_35|Any CPU
		{427C39F1-4F9C-470E-8D65-372D755903D6}.ReleaseSP14_35|Any CPU.Deploy.0 = ReleaseSP14_35|Any CPU
		{427C39F1-4F9C-470E-8D65-372D755903D6}.ReleaseSP14_35|Mixed Platforms.ActiveCfg = ReleaseSP14_35|Any CPU
		{427C39F1-4F9C-470E-8D65-372D755903D6}.ReleaseSP14_35|x64.ActiveCfg = ReleaseSP15_45|Any CPU
		{427C39F1-4F9C-470E-8D65-372D755903D6}.ReleaseSP14_35|x86.ActiveCfg = ReleaseSP15_45|Any CPU
		{427C39F1-4F9C-470E-8D65-372D755903D6}.ReleaseSP15_45|Any CPU.ActiveCfg = ReleaseSP15_45|Any CPU
		{427C39F1-4F9C-470E-8D65-372D755903D6}.ReleaseSP15_45|Any CPU.Build.0 = ReleaseSP15_45|Any CPU
		{427C39F1-4F9C-470E-8D65-372D755903D6}.ReleaseSP15_45|Any CPU.Deploy.0 = ReleaseSP15_45|Any CPU
		{427C39F1-4F9C-470E-8D65-372D755903D6}.ReleaseSP15_45|Mixed Platforms.ActiveCfg = ReleaseSP15_45|Any CPU
		{427C39F1-4F9C-470E-8D65-372D755903D6}.ReleaseSP15_45|x64.ActiveCfg = ReleaseSP15_45|Any CPU
		{427C39F1-4F9C-470E-8D65-372D755903D6}.ReleaseSP15_45|x86.ActiveCfg = ReleaseSP15_45|Any CPU
		{DFF9B6EA-5C6E-4079-8506-181220FC7148}.Debug|Any CPU.ActiveCfg = DebugSP16_45|Any CPU
		{DFF9B6EA-5C6E-4079-8506-181220FC7148}.Debug|Any CPU.Build.0 = DebugSP16_45|Any CPU
		{DFF9B6EA-5C6E-4079-8506-181220FC7148}.Debug|Mixed Platforms.ActiveCfg = DebugSP16_45|Any CPU
		{DFF9B6EA-5C6E-4079-8506-181220FC7148}.Debug|Mixed Platforms.Build.0 = DebugSP16_45|Any CPU
		{DFF9B6EA-5C6E-4079-8506-181220FC7148}.Debug|x64.ActiveCfg = DebugSP16_45|Any CPU
		{DFF9B6EA-5C6E-4079-8506-181220FC7148}.Debug|x86.ActiveCfg = DebugSP16_45|Any CPU
		{DFF9B6EA-5C6E-4079-8506-181220FC7148}.DebugSP14_35|Any CPU.ActiveCfg = DebugSP14_35|Any CPU
		{DFF9B6EA-5C6E-4079-8506-181220FC7148}.DebugSP14_35|Any CPU.Build.0 = DebugSP14_35|Any CPU
		{DFF9B6EA-5C6E-4079-8506-181220FC7148}.DebugSP14_35|Mixed Platforms.ActiveCfg = DebugSP14_35|Any CPU
		{DFF9B6EA-5C6E-4079-8506-181220FC7148}.DebugSP14_35|x64.ActiveCfg = DebugSP15_45|Any CPU
		{DFF9B6EA-5C6E-4079-8506-181220FC7148}.DebugSP14_35|x86.ActiveCfg = DebugSP15_45|Any CPU
		{DFF9B6EA-5C6E-4079-8506-181220FC7148}.DebugSP15_45|Any CPU.ActiveCfg = DebugSP15_45|Any CPU
		{DFF9B6EA-5C6E-4079-8506-181220FC7148}.DebugSP15_45|Any CPU.Build.0 = DebugSP15_45|Any CPU
		{DFF9B6EA-5C6E-4079-8506-181220FC7148}.DebugSP15_45|Mixed Platforms.ActiveCfg = DebugSP15_45|Any CPU
		{DFF9B6EA-5C6E-4079-8506-181220FC7148}.DebugSP15_45|x64.ActiveCfg = DebugSP15_45|Any CPU
		{DFF9B6EA-5C6E-4079-8506-181220FC7148}.DebugSP15_45|x86.ActiveCfg = DebugSP15_45|Any CPU
		{DFF9B6EA-5C6E-4079-8506-181220FC7148}.FxCopSP14_35|Any CPU.ActiveCfg = FxCopSP14_35|Any CPU
		{DFF9B6EA-5C6E-4079-8506-181220FC7148}.FxCopSP14_35|Any CPU.Build.0 = FxCopSP14_35|Any CPU
		{DFF9B6EA-5C6E-4079-8506-181220FC7148}.FxCopSP14_35|Mixed Platforms.ActiveCfg = FxCopSP14_35|Any CPU
		{DFF9B6EA-5C6E-4079-8506-181220FC7148}.FxCopSP14_35|x64.ActiveCfg = FxCopSP15_45|Any CPU
		{DFF9B6EA-5C6E-4079-8506-181220FC7148}.FxCopSP14_35|x86.ActiveCfg = FxCopSP15_45|Any CPU
		{DFF9B6EA-5C6E-4079-8506-181220FC7148}.FxCopSP15_45|Any CPU.ActiveCfg = FxCopSP15_45|Any CPU
		{DFF9B6EA-5C6E-4079-8506-181220FC7148}.FxCopSP15_45|Any CPU.Build.0 = FxCopSP15_45|Any CPU
		{DFF9B6EA-5C6E-4079-8506-181220FC7148}.FxCopSP15_45|Mixed Platforms.ActiveCfg = FxCopSP15_45|Any CPU
		{DFF9B6EA-5C6E-4079-8506-181220FC7148}.FxCopSP15_45|x64.ActiveCfg = FxCopSP15_45|Any CPU
		{DFF9B6EA-5C6E-4079-8506-181220FC7148}.FxCopSP15_45|x86.ActiveCfg = FxCopSP15_45|Any CPU
		{DFF9B6EA-5C6E-4079-8506-181220FC7148}.Release|Any CPU.ActiveCfg = ReleaseSP16_45|Any CPU
		{DFF9B6EA-5C6E-4079-8506-181220FC7148}.Release|Any CPU.Build.0 = ReleaseSP16_45|Any CPU
		{DFF9B6EA-5C6E-4079-8506-181220FC7148}.Release|Mixed Platforms.ActiveCfg = ReleaseSP16_45|Any CPU
		{DFF9B6EA-5C6E-4079-8506-181220FC7148}.Release|Mixed Platforms.Build.0 = ReleaseSP16_45|Any CPU
		{DFF9B6EA-5C6E-4079-8506-181220FC7148}.Release|x64.ActiveCfg = ReleaseSP16_45|Any CPU
		{DFF9B6EA-5C6E-4079-8506-181220FC7148}.Release|x86.ActiveCfg = ReleaseSP16_45|Any CPU
		{DFF9B6EA-5C6E-4079-8506-181220FC7148}.ReleaseSP14_35|Any CPU.ActiveCfg = ReleaseSP14_35|Any CPU
		{DFF9B6EA-5C6E-4079-8506-181220FC7148}.ReleaseSP14_35|Any CPU.Build.0 = ReleaseSP14_35|Any CPU
		{DFF9B6EA-5C6E-4079-8506-181220FC7148}.ReleaseSP14_35|Mixed Platforms.ActiveCfg = ReleaseSP14_35|Any CPU
		{DFF9B6EA-5C6E-4079-8506-181220FC7148}.ReleaseSP14_35|x64.ActiveCfg = ReleaseSP15_45|Any CPU
		{DFF9B6EA-5C6E-4079-8506-181220FC7148}.ReleaseSP14_35|x86.ActiveCfg = ReleaseSP15_45|Any CPU
		{DFF9B6EA-5C6E-4079-8506-181220FC7148}.ReleaseSP15_45|Any CPU.ActiveCfg = ReleaseSP15_45|Any CPU
		{DFF9B6EA-5C6E-4079-8506-181220FC7148}.ReleaseSP15_45|Any CPU.Build.0 = ReleaseSP15_45|Any CPU
		{DFF9B6EA-5C6E-4079-8506-181220FC7148}.ReleaseSP15_45|Mixed Platforms.ActiveCfg = ReleaseSP15_45|Any CPU
		{DFF9B6EA-5C6E-4079-8506-181220FC7148}.ReleaseSP15_45|x64.ActiveCfg = ReleaseSP15_45|Any CPU
		{DFF9B6EA-5C6E-4079-8506-181220FC7148}.ReleaseSP15_45|x86.ActiveCfg = ReleaseSP15_45|Any CPU
		{C48F2229-7581-4AC7-AF29-3C193D612380}.Debug|Any CPU.ActiveCfg = Debug40|Any CPU
		{C48F2229-7581-4AC7-AF29-3C193D612380}.Debug|Any CPU.Build.0 = Debug40|Any CPU
		{C48F2229-7581-4AC7-AF29-3C193D612380}.Debug|Mixed Platforms.ActiveCfg = Debug40|Any CPU
		{C48F2229-7581-4AC7-AF29-3C193D612380}.Debug|Mixed Platforms.Build.0 = Debug40|Any CPU
		{C48F2229-7581-4AC7-AF29-3C193D612380}.Debug|x64.ActiveCfg = Debug40|Any CPU
		{C48F2229-7581-4AC7-AF29-3C193D612380}.Debug|x86.ActiveCfg = Debug40|Any CPU
		{C48F2229-7581-4AC7-AF29-3C193D612380}.DebugSP14_35|Any CPU.ActiveCfg = Debug35|Any CPU
		{C48F2229-7581-4AC7-AF29-3C193D612380}.DebugSP14_35|Any CPU.Build.0 = Debug35|Any CPU
		{C48F2229-7581-4AC7-AF29-3C193D612380}.DebugSP14_35|Mixed Platforms.ActiveCfg = Debug45|Any CPU
		{C48F2229-7581-4AC7-AF29-3C193D612380}.DebugSP14_35|Mixed Platforms.Build.0 = Debug45|Any CPU
		{C48F2229-7581-4AC7-AF29-3C193D612380}.DebugSP14_35|x64.ActiveCfg = Debug45|Any CPU
		{C48F2229-7581-4AC7-AF29-3C193D612380}.DebugSP14_35|x86.ActiveCfg = Debug45|Any CPU
		{C48F2229-7581-4AC7-AF29-3C193D612380}.DebugSP15_45|Any CPU.ActiveCfg = Debug45|Any CPU
		{C48F2229-7581-4AC7-AF29-3C193D612380}.DebugSP15_45|Any CPU.Build.0 = Debug45|Any CPU
		{C48F2229-7581-4AC7-AF29-3C193D612380}.DebugSP15_45|Mixed Platforms.ActiveCfg = Debug45|Any CPU
		{C48F2229-7581-4AC7-AF29-3C193D612380}.DebugSP15_45|Mixed Platforms.Build.0 = Debug45|Any CPU
		{C48F2229-7581-4AC7-AF29-3C193D612380}.DebugSP15_45|x64.ActiveCfg = Debug45|Any CPU
		{C48F2229-7581-4AC7-AF29-3C193D612380}.DebugSP15_45|x86.ActiveCfg = Debug45|Any CPU
		{C48F2229-7581-4AC7-AF29-3C193D612380}.FxCopSP14_35|Any CPU.ActiveCfg = FxCop35|Any CPU
		{C48F2229-7581-4AC7-AF29-3C193D612380}.FxCopSP14_35|Any CPU.Build.0 = FxCop35|Any CPU
		{C48F2229-7581-4AC7-AF29-3C193D612380}.FxCopSP14_35|Mixed Platforms.ActiveCfg = FxCop45|Any CPU
		{C48F2229-7581-4AC7-AF29-3C193D612380}.FxCopSP14_35|Mixed Platforms.Build.0 = FxCop45|Any CPU
		{C48F2229-7581-4AC7-AF29-3C193D612380}.FxCopSP14_35|x64.ActiveCfg = FxCop45|Any CPU
		{C48F2229-7581-4AC7-AF29-3C193D612380}.FxCopSP14_35|x86.ActiveCfg = FxCop45|Any CPU
		{C48F2229-7581-4AC7-AF29-3C193D612380}.FxCopSP15_45|Any CPU.ActiveCfg = FxCop45|Any CPU
		{C48F2229-7581-4AC7-AF29-3C193D612380}.FxCopSP15_45|Any CPU.Build.0 = FxCop45|Any CPU
		{C48F2229-7581-4AC7-AF29-3C193D612380}.FxCopSP15_45|Mixed Platforms.ActiveCfg = FxCop45|Any CPU
		{C48F2229-7581-4AC7-AF29-3C193D612380}.FxCopSP15_45|Mixed Platforms.Build.0 = FxCop45|Any CPU
		{C48F2229-7581-4AC7-AF29-3C193D612380}.FxCopSP15_45|x64.ActiveCfg = FxCop45|Any CPU
		{C48F2229-7581-4AC7-AF29-3C193D612380}.FxCopSP15_45|x86.ActiveCfg = FxCop45|Any CPU
		{C48F2229-7581-4AC7-AF29-3C193D612380}.Release|Any CPU.ActiveCfg = Release40|Any CPU
		{C48F2229-7581-4AC7-AF29-3C193D612380}.Release|Any CPU.Build.0 = Release40|Any CPU
		{C48F2229-7581-4AC7-AF29-3C193D612380}.Release|Mixed Platforms.ActiveCfg = Release40|Any CPU
		{C48F2229-7581-4AC7-AF29-3C193D612380}.Release|Mixed Platforms.Build.0 = Release40|Any CPU
		{C48F2229-7581-4AC7-AF29-3C193D612380}.Release|x64.ActiveCfg = Release40|Any CPU
		{C48F2229-7581-4AC7-AF29-3C193D612380}.Release|x86.ActiveCfg = Release40|Any CPU
		{C48F2229-7581-4AC7-AF29-3C193D612380}.ReleaseSP14_35|Any CPU.ActiveCfg = Release35|Any CPU
		{C48F2229-7581-4AC7-AF29-3C193D612380}.ReleaseSP14_35|Any CPU.Build.0 = Release35|Any CPU
		{C48F2229-7581-4AC7-AF29-3C193D612380}.ReleaseSP14_35|Mixed Platforms.ActiveCfg = Release45|Any CPU
		{C48F2229-7581-4AC7-AF29-3C193D612380}.ReleaseSP14_35|Mixed Platforms.Build.0 = Release45|Any CPU
		{C48F2229-7581-4AC7-AF29-3C193D612380}.ReleaseSP14_35|x64.ActiveCfg = Release45|Any CPU
		{C48F2229-7581-4AC7-AF29-3C193D612380}.ReleaseSP14_35|x86.ActiveCfg = Release45|Any CPU
		{C48F2229-7581-4AC7-AF29-3C193D612380}.ReleaseSP15_45|Any CPU.ActiveCfg = Release45|Any CPU
		{C48F2229-7581-4AC7-AF29-3C193D612380}.ReleaseSP15_45|Any CPU.Build.0 = Release45|Any CPU
		{C48F2229-7581-4AC7-AF29-3C193D612380}.ReleaseSP15_45|Mixed Platforms.ActiveCfg = Release45|Any CPU
		{C48F2229-7581-4AC7-AF29-3C193D612380}.ReleaseSP15_45|Mixed Platforms.Build.0 = Release45|Any CPU
		{C48F2229-7581-4AC7-AF29-3C193D612380}.ReleaseSP15_45|x64.ActiveCfg = Release45|Any CPU
		{C48F2229-7581-4AC7-AF29-3C193D612380}.ReleaseSP15_45|x86.ActiveCfg = Release45|Any CPU
		{0451BAEF-DF2E-4B98-8644-94EE9415E389}.Debug|Any CPU.ActiveCfg = Debug|Any CPU
		{0451BAEF-DF2E-4B98-8644-94EE9415E389}.Debug|Any CPU.Build.0 = Debug|Any CPU
		{0451BAEF-DF2E-4B98-8644-94EE9415E389}.Debug|Mixed Platforms.ActiveCfg = Debug|Any CPU
		{0451BAEF-DF2E-4B98-8644-94EE9415E389}.Debug|Mixed Platforms.Build.0 = Debug|Any CPU
		{0451BAEF-DF2E-4B98-8644-94EE9415E389}.Debug|x64.ActiveCfg = Debug|Any CPU
		{0451BAEF-DF2E-4B98-8644-94EE9415E389}.Debug|x86.ActiveCfg = Debug|Any CPU
		{0451BAEF-DF2E-4B98-8644-94EE9415E389}.DebugSP14_35|Any CPU.ActiveCfg = Debug|Any CPU
		{0451BAEF-DF2E-4B98-8644-94EE9415E389}.DebugSP14_35|Any CPU.Build.0 = Debug|Any CPU
		{0451BAEF-DF2E-4B98-8644-94EE9415E389}.DebugSP14_35|Mixed Platforms.ActiveCfg = Debug|Any CPU
		{0451BAEF-DF2E-4B98-8644-94EE9415E389}.DebugSP14_35|Mixed Platforms.Build.0 = Debug|Any CPU
		{0451BAEF-DF2E-4B98-8644-94EE9415E389}.DebugSP14_35|x64.ActiveCfg = Debug|Any CPU
		{0451BAEF-DF2E-4B98-8644-94EE9415E389}.DebugSP14_35|x86.ActiveCfg = Debug|Any CPU
		{0451BAEF-DF2E-4B98-8644-94EE9415E389}.DebugSP15_45|Any CPU.ActiveCfg = Debug|Any CPU
		{0451BAEF-DF2E-4B98-8644-94EE9415E389}.DebugSP15_45|Any CPU.Build.0 = Debug|Any CPU
		{0451BAEF-DF2E-4B98-8644-94EE9415E389}.DebugSP15_45|Mixed Platforms.ActiveCfg = Debug|Any CPU
		{0451BAEF-DF2E-4B98-8644-94EE9415E389}.DebugSP15_45|Mixed Platforms.Build.0 = Debug|Any CPU
		{0451BAEF-DF2E-4B98-8644-94EE9415E389}.DebugSP15_45|x64.ActiveCfg = Debug|Any CPU
		{0451BAEF-DF2E-4B98-8644-94EE9415E389}.DebugSP15_45|x86.ActiveCfg = Debug|Any CPU
		{0451BAEF-DF2E-4B98-8644-94EE9415E389}.FxCopSP14_35|Any CPU.ActiveCfg = Release|Any CPU
		{0451BAEF-DF2E-4B98-8644-94EE9415E389}.FxCopSP14_35|Any CPU.Build.0 = Release|Any CPU
		{0451BAEF-DF2E-4B98-8644-94EE9415E389}.FxCopSP14_35|Mixed Platforms.ActiveCfg = Release|Any CPU
		{0451BAEF-DF2E-4B98-8644-94EE9415E389}.FxCopSP14_35|Mixed Platforms.Build.0 = Release|Any CPU
		{0451BAEF-DF2E-4B98-8644-94EE9415E389}.FxCopSP14_35|x64.ActiveCfg = Release|Any CPU
		{0451BAEF-DF2E-4B98-8644-94EE9415E389}.FxCopSP14_35|x86.ActiveCfg = Release|Any CPU
		{0451BAEF-DF2E-4B98-8644-94EE9415E389}.FxCopSP15_45|Any CPU.ActiveCfg = Release|Any CPU
		{0451BAEF-DF2E-4B98-8644-94EE9415E389}.FxCopSP15_45|Any CPU.Build.0 = Release|Any CPU
		{0451BAEF-DF2E-4B98-8644-94EE9415E389}.FxCopSP15_45|Mixed Platforms.ActiveCfg = Release|Any CPU
		{0451BAEF-DF2E-4B98-8644-94EE9415E389}.FxCopSP15_45|Mixed Platforms.Build.0 = Release|Any CPU
		{0451BAEF-DF2E-4B98-8644-94EE9415E389}.FxCopSP15_45|x64.ActiveCfg = Release|Any CPU
		{0451BAEF-DF2E-4B98-8644-94EE9415E389}.FxCopSP15_45|x86.ActiveCfg = Release|Any CPU
		{0451BAEF-DF2E-4B98-8644-94EE9415E389}.Release|Any CPU.ActiveCfg = Release|Any CPU
		{0451BAEF-DF2E-4B98-8644-94EE9415E389}.Release|Any CPU.Build.0 = Release|Any CPU
		{0451BAEF-DF2E-4B98-8644-94EE9415E389}.Release|Mixed Platforms.ActiveCfg = Release|Any CPU
		{0451BAEF-DF2E-4B98-8644-94EE9415E389}.Release|Mixed Platforms.Build.0 = Release|Any CPU
		{0451BAEF-DF2E-4B98-8644-94EE9415E389}.Release|x64.ActiveCfg = Release|Any CPU
		{0451BAEF-DF2E-4B98-8644-94EE9415E389}.Release|x86.ActiveCfg = Release|Any CPU
		{0451BAEF-DF2E-4B98-8644-94EE9415E389}.ReleaseSP14_35|Any CPU.ActiveCfg = Release|Any CPU
		{0451BAEF-DF2E-4B98-8644-94EE9415E389}.ReleaseSP14_35|Any CPU.Build.0 = Release|Any CPU
		{0451BAEF-DF2E-4B98-8644-94EE9415E389}.ReleaseSP14_35|Mixed Platforms.ActiveCfg = Release|Any CPU
		{0451BAEF-DF2E-4B98-8644-94EE9415E389}.ReleaseSP14_35|Mixed Platforms.Build.0 = Release|Any CPU
		{0451BAEF-DF2E-4B98-8644-94EE9415E389}.ReleaseSP14_35|x64.ActiveCfg = Release|Any CPU
		{0451BAEF-DF2E-4B98-8644-94EE9415E389}.ReleaseSP14_35|x86.ActiveCfg = Release|Any CPU
		{0451BAEF-DF2E-4B98-8644-94EE9415E389}.ReleaseSP15_45|Any CPU.ActiveCfg = Release|Any CPU
		{0451BAEF-DF2E-4B98-8644-94EE9415E389}.ReleaseSP15_45|Any CPU.Build.0 = Release|Any CPU
		{0451BAEF-DF2E-4B98-8644-94EE9415E389}.ReleaseSP15_45|Mixed Platforms.ActiveCfg = Release|Any CPU
		{0451BAEF-DF2E-4B98-8644-94EE9415E389}.ReleaseSP15_45|Mixed Platforms.Build.0 = Release|Any CPU
		{0451BAEF-DF2E-4B98-8644-94EE9415E389}.ReleaseSP15_45|x64.ActiveCfg = Release|Any CPU
		{0451BAEF-DF2E-4B98-8644-94EE9415E389}.ReleaseSP15_45|x86.ActiveCfg = Release|Any CPU
	EndGlobalSection
	GlobalSection(SolutionProperties) = preSolution
		HideSolutionNode = FALSE
	EndGlobalSection
EndGlobal
