
Microsoft Visual Studio Solution File, Format Version 12.00
# Visual Studio 2013
VisualStudioVersion = 12.0.40629.0
MinimumVisualStudioVersion = 10.0.40219.1
Project("{FAE04EC0-301F-11D3-BF4B-00C04F79EFBC}") = "Kraken.Core.FullTrust", "Kraken.Core.FullTrust\Kraken.Core.FullTrust.csproj", "{757C7239-0E1B-41BA-AED5-7A15AC141042}"
EndProject
Project("{FAE04EC0-301F-11D3-BF4B-00C04F79EFBC}") = "Kraken.Core.SandboxTrust", "Kraken.Core.SandboxTrust\Kraken.Core.SandboxTrust.csproj", "{DAB0080D-C9B1-442E-84DF-FC47AD8A442A}"
EndProject
Project("{FAE04EC0-301F-11D3-BF4B-00C04F79EFBC}") = "Kraken.Core.Security", "Kraken.Core.Security\Kraken.Core.Security.csproj", "{8340684F-3374-4741-AF80-63AF161E23DF}"
EndProject
Project("{FAE04EC0-301F-11D3-BF4B-00C04F79EFBC}") = "Kraken.Tests", "Kraken.Tests\Kraken.Tests.csproj", "{C48F2229-7581-4AC7-AF29-3C193D612380}"
EndProject
Global
	GlobalSection(SolutionConfigurationPlatforms) = preSolution
		Debug35|Any CPU = Debug35|Any CPU
		Debug35|Mixed Platforms = Debug35|Mixed Platforms
		Debug35|x64 = Debug35|x64
		Debug35|x86 = Debug35|x86
		Debug40|Any CPU = Debug40|Any CPU
		Debug40|Mixed Platforms = Debug40|Mixed Platforms
		Debug40|x64 = Debug40|x64
		Debug40|x86 = Debug40|x86
		Debug45|Any CPU = Debug45|Any CPU
		Debug45|Mixed Platforms = Debug45|Mixed Platforms
		Debug45|x64 = Debug45|x64
		Debug45|x86 = Debug45|x86
		FxCop35|Any CPU = FxCop35|Any CPU
		FxCop35|Mixed Platforms = FxCop35|Mixed Platforms
		FxCop35|x64 = FxCop35|x64
		FxCop35|x86 = FxCop35|x86
		FxCop40|Any CPU = FxCop40|Any CPU
		FxCop40|Mixed Platforms = FxCop40|Mixed Platforms
		FxCop40|x64 = FxCop40|x64
		FxCop40|x86 = FxCop40|x86
		FxCop45|Any CPU = FxCop45|Any CPU
		FxCop45|Mixed Platforms = FxCop45|Mixed Platforms
		FxCop45|x64 = FxCop45|x64
		FxCop45|x86 = FxCop45|x86
		Release35|Any CPU = Release35|Any CPU
		Release35|Mixed Platforms = Release35|Mixed Platforms
		Release35|x64 = Release35|x64
		Release35|x86 = Release35|x86
		Release40|Any CPU = Release40|Any CPU
		Release40|Mixed Platforms = Release40|Mixed Platforms
		Release40|x64 = Release40|x64
		Release40|x86 = Release40|x86
		Release45|Any CPU = Release45|Any CPU
		Release45|Mixed Platforms = Release45|Mixed Platforms
		Release45|x64 = Release45|x64
		Release45|x86 = Release45|x86
	EndGlobalSection
	GlobalSection(ProjectConfigurationPlatforms) = postSolution
		{757C7239-0E1B-41BA-AED5-7A15AC141042}.Debug35|Any CPU.ActiveCfg = Debug35|Any CPU
		{757C7239-0E1B-41BA-AED5-7A15AC141042}.Debug35|Any CPU.Build.0 = Debug35|Any CPU
		{757C7239-0E1B-41BA-AED5-7A15AC141042}.Debug35|Mixed Platforms.ActiveCfg = Debug40|Any CPU
		{757C7239-0E1B-41BA-AED5-7A15AC141042}.Debug35|x64.ActiveCfg = Debug35|Any CPU
		{757C7239-0E1B-41BA-AED5-7A15AC141042}.Debug35|x86.ActiveCfg = Debug35|Any CPU
		{757C7239-0E1B-41BA-AED5-7A15AC141042}.Debug40|Any CPU.ActiveCfg = Debug40|Any CPU
		{757C7239-0E1B-41BA-AED5-7A15AC141042}.Debug40|Any CPU.Build.0 = Debug40|Any CPU
		{757C7239-0E1B-41BA-AED5-7A15AC141042}.Debug40|Mixed Platforms.ActiveCfg = Debug40|Any CPU
		{757C7239-0E1B-41BA-AED5-7A15AC141042}.Debug40|x64.ActiveCfg = Debug40|Any CPU
		{757C7239-0E1B-41BA-AED5-7A15AC141042}.Debug40|x86.ActiveCfg = Debug40|Any CPU
		{757C7239-0E1B-41BA-AED5-7A15AC141042}.Debug45|Any CPU.ActiveCfg = Debug45|Any CPU
		{757C7239-0E1B-41BA-AED5-7A15AC141042}.Debug45|Any CPU.Build.0 = Debug45|Any CPU
		{757C7239-0E1B-41BA-AED5-7A15AC141042}.Debug45|Mixed Platforms.ActiveCfg = Debug40|Any CPU
		{757C7239-0E1B-41BA-AED5-7A15AC141042}.Debug45|x64.ActiveCfg = Debug40|Any CPU
		{757C7239-0E1B-41BA-AED5-7A15AC141042}.Debug45|x86.ActiveCfg = Debug40|Any CPU
		{757C7239-0E1B-41BA-AED5-7A15AC141042}.FxCop35|Any CPU.ActiveCfg = FxCop35|Any CPU
		{757C7239-0E1B-41BA-AED5-7A15AC141042}.FxCop35|Any CPU.Build.0 = FxCop35|Any CPU
		{757C7239-0E1B-41BA-AED5-7A15AC141042}.FxCop35|Mixed Platforms.ActiveCfg = FxCop40|Any CPU
		{757C7239-0E1B-41BA-AED5-7A15AC141042}.FxCop35|x64.ActiveCfg = FxCop35|Any CPU
		{757C7239-0E1B-41BA-AED5-7A15AC141042}.FxCop35|x86.ActiveCfg = FxCop35|Any CPU
		{757C7239-0E1B-41BA-AED5-7A15AC141042}.FxCop40|Any CPU.ActiveCfg = FxCop40|Any CPU
		{757C7239-0E1B-41BA-AED5-7A15AC141042}.FxCop40|Any CPU.Build.0 = FxCop40|Any CPU
		{757C7239-0E1B-41BA-AED5-7A15AC141042}.FxCop40|Mixed Platforms.ActiveCfg = Debug40|Any CPU
		{757C7239-0E1B-41BA-AED5-7A15AC141042}.FxCop40|x64.ActiveCfg = Debug40|Any CPU
		{757C7239-0E1B-41BA-AED5-7A15AC141042}.FxCop40|x86.ActiveCfg = Debug40|Any CPU
		{757C7239-0E1B-41BA-AED5-7A15AC141042}.FxCop45|Any CPU.ActiveCfg = FxCop45|Any CPU
		{757C7239-0E1B-41BA-AED5-7A15AC141042}.FxCop45|Any CPU.Build.0 = FxCop45|Any CPU
		{757C7239-0E1B-41BA-AED5-7A15AC141042}.FxCop45|Mixed Platforms.ActiveCfg = FxCop40|Any CPU
		{757C7239-0E1B-41BA-AED5-7A15AC141042}.FxCop45|x64.ActiveCfg = FxCop40|Any CPU
		{757C7239-0E1B-41BA-AED5-7A15AC141042}.FxCop45|x86.ActiveCfg = FxCop40|Any CPU
		{757C7239-0E1B-41BA-AED5-7A15AC141042}.Release35|Any CPU.ActiveCfg = Release35|Any CPU
		{757C7239-0E1B-41BA-AED5-7A15AC141042}.Release35|Any CPU.Build.0 = Release35|Any CPU
		{757C7239-0E1B-41BA-AED5-7A15AC141042}.Release35|Mixed Platforms.ActiveCfg = Release40|Any CPU
		{757C7239-0E1B-41BA-AED5-7A15AC141042}.Release35|x64.ActiveCfg = Release35|Any CPU
		{757C7239-0E1B-41BA-AED5-7A15AC141042}.Release35|x86.ActiveCfg = Release35|Any CPU
		{757C7239-0E1B-41BA-AED5-7A15AC141042}.Release40|Any CPU.ActiveCfg = Release40|Any CPU
		{757C7239-0E1B-41BA-AED5-7A15AC141042}.Release40|Any CPU.Build.0 = Release40|Any CPU
		{757C7239-0E1B-41BA-AED5-7A15AC141042}.Release40|Mixed Platforms.ActiveCfg = Release40|Any CPU
		{757C7239-0E1B-41BA-AED5-7A15AC141042}.Release40|x64.ActiveCfg = Release40|Any CPU
		{757C7239-0E1B-41BA-AED5-7A15AC141042}.Release40|x86.ActiveCfg = Release40|Any CPU
		{757C7239-0E1B-41BA-AED5-7A15AC141042}.Release45|Any CPU.ActiveCfg = Release45|Any CPU
		{757C7239-0E1B-41BA-AED5-7A15AC141042}.Release45|Any CPU.Build.0 = Release45|Any CPU
		{757C7239-0E1B-41BA-AED5-7A15AC141042}.Release45|Mixed Platforms.ActiveCfg = Release40|Any CPU
		{757C7239-0E1B-41BA-AED5-7A15AC141042}.Release45|x64.ActiveCfg = Release40|Any CPU
		{757C7239-0E1B-41BA-AED5-7A15AC141042}.Release45|x86.ActiveCfg = Release40|Any CPU
		{DAB0080D-C9B1-442E-84DF-FC47AD8A442A}.Debug35|Any CPU.ActiveCfg = Debug35|Any CPU
		{DAB0080D-C9B1-442E-84DF-FC47AD8A442A}.Debug35|Any CPU.Build.0 = Debug35|Any CPU
		{DAB0080D-C9B1-442E-84DF-FC47AD8A442A}.Debug35|Mixed Platforms.ActiveCfg = Debug40|Any CPU
		{DAB0080D-C9B1-442E-84DF-FC47AD8A442A}.Debug35|x64.ActiveCfg = Debug35|Any CPU
		{DAB0080D-C9B1-442E-84DF-FC47AD8A442A}.Debug35|x86.ActiveCfg = Debug35|Any CPU
		{DAB0080D-C9B1-442E-84DF-FC47AD8A442A}.Debug40|Any CPU.ActiveCfg = Debug40|Any CPU
		{DAB0080D-C9B1-442E-84DF-FC47AD8A442A}.Debug40|Any CPU.Build.0 = Debug40|Any CPU
		{DAB0080D-C9B1-442E-84DF-FC47AD8A442A}.Debug40|Mixed Platforms.ActiveCfg = Debug40|Any CPU
		{DAB0080D-C9B1-442E-84DF-FC47AD8A442A}.Debug40|x64.ActiveCfg = Debug40|Any CPU
		{DAB0080D-C9B1-442E-84DF-FC47AD8A442A}.Debug40|x86.ActiveCfg = Debug40|Any CPU
		{DAB0080D-C9B1-442E-84DF-FC47AD8A442A}.Debug45|Any CPU.ActiveCfg = Debug45|Any CPU
		{DAB0080D-C9B1-442E-84DF-FC47AD8A442A}.Debug45|Any CPU.Build.0 = Debug45|Any CPU
		{DAB0080D-C9B1-442E-84DF-FC47AD8A442A}.Debug45|Mixed Platforms.ActiveCfg = Debug40|Any CPU
		{DAB0080D-C9B1-442E-84DF-FC47AD8A442A}.Debug45|x64.ActiveCfg = Debug40|Any CPU
		{DAB0080D-C9B1-442E-84DF-FC47AD8A442A}.Debug45|x86.ActiveCfg = Debug40|Any CPU
		{DAB0080D-C9B1-442E-84DF-FC47AD8A442A}.FxCop35|Any CPU.ActiveCfg = FxCop35|Any CPU
		{DAB0080D-C9B1-442E-84DF-FC47AD8A442A}.FxCop35|Any CPU.Build.0 = FxCop35|Any CPU
		{DAB0080D-C9B1-442E-84DF-FC47AD8A442A}.FxCop35|Mixed Platforms.ActiveCfg = FxCop40|Any CPU
		{DAB0080D-C9B1-442E-84DF-FC47AD8A442A}.FxCop35|x64.ActiveCfg = FxCop35|Any CPU
		{DAB0080D-C9B1-442E-84DF-FC47AD8A442A}.FxCop35|x86.ActiveCfg = FxCop35|Any CPU
		{DAB0080D-C9B1-442E-84DF-FC47AD8A442A}.FxCop40|Any CPU.ActiveCfg = FxCop40|Any CPU
		{DAB0080D-C9B1-442E-84DF-FC47AD8A442A}.FxCop40|Any CPU.Build.0 = FxCop40|Any CPU
		{DAB0080D-C9B1-442E-84DF-FC47AD8A442A}.FxCop40|Mixed Platforms.ActiveCfg = Debug40|Any CPU
		{DAB0080D-C9B1-442E-84DF-FC47AD8A442A}.FxCop40|x64.ActiveCfg = Debug40|Any CPU
		{DAB0080D-C9B1-442E-84DF-FC47AD8A442A}.FxCop40|x86.ActiveCfg = Debug40|Any CPU
		{DAB0080D-C9B1-442E-84DF-FC47AD8A442A}.FxCop45|Any CPU.ActiveCfg = FxCop45|Any CPU
		{DAB0080D-C9B1-442E-84DF-FC47AD8A442A}.FxCop45|Any CPU.Build.0 = FxCop45|Any CPU
		{DAB0080D-C9B1-442E-84DF-FC47AD8A442A}.FxCop45|Mixed Platforms.ActiveCfg = FxCop40|Any CPU
		{DAB0080D-C9B1-442E-84DF-FC47AD8A442A}.FxCop45|x64.ActiveCfg = FxCop40|Any CPU
		{DAB0080D-C9B1-442E-84DF-FC47AD8A442A}.FxCop45|x86.ActiveCfg = FxCop40|Any CPU
		{DAB0080D-C9B1-442E-84DF-FC47AD8A442A}.Release35|Any CPU.ActiveCfg = Release35|Any CPU
		{DAB0080D-C9B1-442E-84DF-FC47AD8A442A}.Release35|Any CPU.Build.0 = Release35|Any CPU
		{DAB0080D-C9B1-442E-84DF-FC47AD8A442A}.Release35|Mixed Platforms.ActiveCfg = Release40|Any CPU
		{DAB0080D-C9B1-442E-84DF-FC47AD8A442A}.Release35|x64.ActiveCfg = Release35|Any CPU
		{DAB0080D-C9B1-442E-84DF-FC47AD8A442A}.Release35|x86.ActiveCfg = Release35|Any CPU
		{DAB0080D-C9B1-442E-84DF-FC47AD8A442A}.Release40|Any CPU.ActiveCfg = Release40|Any CPU
		{DAB0080D-C9B1-442E-84DF-FC47AD8A442A}.Release40|Any CPU.Build.0 = Release40|Any CPU
		{DAB0080D-C9B1-442E-84DF-FC47AD8A442A}.Release40|Mixed Platforms.ActiveCfg = Release40|Any CPU
		{DAB0080D-C9B1-442E-84DF-FC47AD8A442A}.Release40|x64.ActiveCfg = Release40|Any CPU
		{DAB0080D-C9B1-442E-84DF-FC47AD8A442A}.Release40|x86.ActiveCfg = Release40|Any CPU
		{DAB0080D-C9B1-442E-84DF-FC47AD8A442A}.Release45|Any CPU.ActiveCfg = Release45|Any CPU
		{DAB0080D-C9B1-442E-84DF-FC47AD8A442A}.Release45|Any CPU.Build.0 = Release45|Any CPU
		{DAB0080D-C9B1-442E-84DF-FC47AD8A442A}.Release45|Mixed Platforms.ActiveCfg = Release40|Any CPU
		{DAB0080D-C9B1-442E-84DF-FC47AD8A442A}.Release45|x64.ActiveCfg = Release40|Any CPU
		{DAB0080D-C9B1-442E-84DF-FC47AD8A442A}.Release45|x86.ActiveCfg = Release40|Any CPU
		{8340684F-3374-4741-AF80-63AF161E23DF}.Debug35|Any CPU.ActiveCfg = Debug35|Any CPU
		{8340684F-3374-4741-AF80-63AF161E23DF}.Debug35|Any CPU.Build.0 = Debug35|Any CPU
		{8340684F-3374-4741-AF80-63AF161E23DF}.Debug35|Mixed Platforms.ActiveCfg = Debug40|Any CPU
		{8340684F-3374-4741-AF80-63AF161E23DF}.Debug35|x64.ActiveCfg = Debug35|Any CPU
		{8340684F-3374-4741-AF80-63AF161E23DF}.Debug35|x86.ActiveCfg = Debug35|Any CPU
		{8340684F-3374-4741-AF80-63AF161E23DF}.Debug40|Any CPU.ActiveCfg = Debug40|Any CPU
		{8340684F-3374-4741-AF80-63AF161E23DF}.Debug40|Any CPU.Build.0 = Debug40|Any CPU
		{8340684F-3374-4741-AF80-63AF161E23DF}.Debug40|Mixed Platforms.ActiveCfg = Debug40|Any CPU
		{8340684F-3374-4741-AF80-63AF161E23DF}.Debug40|x64.ActiveCfg = Debug40|Any CPU
		{8340684F-3374-4741-AF80-63AF161E23DF}.Debug40|x86.ActiveCfg = Debug40|Any CPU
		{8340684F-3374-4741-AF80-63AF161E23DF}.Debug45|Any CPU.ActiveCfg = Debug45|Any CPU
		{8340684F-3374-4741-AF80-63AF161E23DF}.Debug45|Any CPU.Build.0 = Debug45|Any CPU
		{8340684F-3374-4741-AF80-63AF161E23DF}.Debug45|Mixed Platforms.ActiveCfg = Debug40|Any CPU
		{8340684F-3374-4741-AF80-63AF161E23DF}.Debug45|x64.ActiveCfg = Debug40|Any CPU
		{8340684F-3374-4741-AF80-63AF161E23DF}.Debug45|x86.ActiveCfg = Debug40|Any CPU
		{8340684F-3374-4741-AF80-63AF161E23DF}.FxCop35|Any CPU.ActiveCfg = FxCop35|Any CPU
		{8340684F-3374-4741-AF80-63AF161E23DF}.FxCop35|Any CPU.Build.0 = FxCop35|Any CPU
		{8340684F-3374-4741-AF80-63AF161E23DF}.FxCop35|Mixed Platforms.ActiveCfg = FxCop40|Any CPU
		{8340684F-3374-4741-AF80-63AF161E23DF}.FxCop35|x64.ActiveCfg = FxCop35|Any CPU
		{8340684F-3374-4741-AF80-63AF161E23DF}.FxCop35|x86.ActiveCfg = FxCop35|Any CPU
		{8340684F-3374-4741-AF80-63AF161E23DF}.FxCop40|Any CPU.ActiveCfg = FxCop40|Any CPU
		{8340684F-3374-4741-AF80-63AF161E23DF}.FxCop40|Any CPU.Build.0 = FxCop40|Any CPU
		{8340684F-3374-4741-AF80-63AF161E23DF}.FxCop40|Mixed Platforms.ActiveCfg = Debug40|Any CPU
		{8340684F-3374-4741-AF80-63AF161E23DF}.FxCop40|x64.ActiveCfg = Debug40|Any CPU
		{8340684F-3374-4741-AF80-63AF161E23DF}.FxCop40|x86.ActiveCfg = Debug40|Any CPU
		{8340684F-3374-4741-AF80-63AF161E23DF}.FxCop45|Any CPU.ActiveCfg = FxCop45|Any CPU
		{8340684F-3374-4741-AF80-63AF161E23DF}.FxCop45|Any CPU.Build.0 = FxCop45|Any CPU
		{8340684F-3374-4741-AF80-63AF161E23DF}.FxCop45|Mixed Platforms.ActiveCfg = FxCop40|Any CPU
		{8340684F-3374-4741-AF80-63AF161E23DF}.FxCop45|x64.ActiveCfg = FxCop40|Any CPU
		{8340684F-3374-4741-AF80-63AF161E23DF}.FxCop45|x86.ActiveCfg = FxCop40|Any CPU
		{8340684F-3374-4741-AF80-63AF161E23DF}.Release35|Any CPU.ActiveCfg = Release35|Any CPU
		{8340684F-3374-4741-AF80-63AF161E23DF}.Release35|Any CPU.Build.0 = Release35|Any CPU
		{8340684F-3374-4741-AF80-63AF161E23DF}.Release35|Mixed Platforms.ActiveCfg = Release40|Any CPU
		{8340684F-3374-4741-AF80-63AF161E23DF}.Release35|x64.ActiveCfg = Release35|Any CPU
		{8340684F-3374-4741-AF80-63AF161E23DF}.Release35|x86.ActiveCfg = Release35|Any CPU
		{8340684F-3374-4741-AF80-63AF161E23DF}.Release40|Any CPU.ActiveCfg = Release40|Any CPU
		{8340684F-3374-4741-AF80-63AF161E23DF}.Release40|Any CPU.Build.0 = Release40|Any CPU
		{8340684F-3374-4741-AF80-63AF161E23DF}.Release40|Mixed Platforms.ActiveCfg = Release40|Any CPU
		{8340684F-3374-4741-AF80-63AF161E23DF}.Release40|x64.ActiveCfg = Release40|Any CPU
		{8340684F-3374-4741-AF80-63AF161E23DF}.Release40|x86.ActiveCfg = Release40|Any CPU
		{8340684F-3374-4741-AF80-63AF161E23DF}.Release45|Any CPU.ActiveCfg = Release45|Any CPU
		{8340684F-3374-4741-AF80-63AF161E23DF}.Release45|Any CPU.Build.0 = Release45|Any CPU
		{8340684F-3374-4741-AF80-63AF161E23DF}.Release45|Mixed Platforms.ActiveCfg = Release40|Any CPU
		{8340684F-3374-4741-AF80-63AF161E23DF}.Release45|x64.ActiveCfg = Release40|Any CPU
		{8340684F-3374-4741-AF80-63AF161E23DF}.Release45|x86.ActiveCfg = Release40|Any CPU
		{C48F2229-7581-4AC7-AF29-3C193D612380}.Debug35|Any CPU.ActiveCfg = Debug35|Any CPU
		{C48F2229-7581-4AC7-AF29-3C193D612380}.Debug35|Any CPU.Build.0 = Debug35|Any CPU
		{C48F2229-7581-4AC7-AF29-3C193D612380}.Debug35|Mixed Platforms.ActiveCfg = Debug45|Any CPU
		{C48F2229-7581-4AC7-AF29-3C193D612380}.Debug35|Mixed Platforms.Build.0 = Debug45|Any CPU
		{C48F2229-7581-4AC7-AF29-3C193D612380}.Debug35|x64.ActiveCfg = Debug45|Any CPU
		{C48F2229-7581-4AC7-AF29-3C193D612380}.Debug35|x86.ActiveCfg = Debug45|Any CPU
		{C48F2229-7581-4AC7-AF29-3C193D612380}.Debug40|Any CPU.ActiveCfg = Debug40|Any CPU
		{C48F2229-7581-4AC7-AF29-3C193D612380}.Debug40|Any CPU.Build.0 = Debug40|Any CPU
		{C48F2229-7581-4AC7-AF29-3C193D612380}.Debug40|Mixed Platforms.ActiveCfg = Debug45|Any CPU
		{C48F2229-7581-4AC7-AF29-3C193D612380}.Debug40|Mixed Platforms.Build.0 = Debug45|Any CPU
		{C48F2229-7581-4AC7-AF29-3C193D612380}.Debug40|x64.ActiveCfg = Debug45|Any CPU
		{C48F2229-7581-4AC7-AF29-3C193D612380}.Debug40|x86.ActiveCfg = Debug45|Any CPU
		{C48F2229-7581-4AC7-AF29-3C193D612380}.Debug45|Any CPU.ActiveCfg = Debug45|Any CPU
		{C48F2229-7581-4AC7-AF29-3C193D612380}.Debug45|Any CPU.Build.0 = Debug45|Any CPU
		{C48F2229-7581-4AC7-AF29-3C193D612380}.Debug45|Mixed Platforms.ActiveCfg = Debug45|Any CPU
		{C48F2229-7581-4AC7-AF29-3C193D612380}.Debug45|Mixed Platforms.Build.0 = Debug45|Any CPU
		{C48F2229-7581-4AC7-AF29-3C193D612380}.Debug45|x64.ActiveCfg = Debug45|Any CPU
		{C48F2229-7581-4AC7-AF29-3C193D612380}.Debug45|x86.ActiveCfg = Debug45|Any CPU
		{C48F2229-7581-4AC7-AF29-3C193D612380}.FxCop35|Any CPU.ActiveCfg = FxCop35|Any CPU
		{C48F2229-7581-4AC7-AF29-3C193D612380}.FxCop35|Any CPU.Build.0 = FxCop35|Any CPU
		{C48F2229-7581-4AC7-AF29-3C193D612380}.FxCop35|Mixed Platforms.ActiveCfg = FxCop45|Any CPU
		{C48F2229-7581-4AC7-AF29-3C193D612380}.FxCop35|Mixed Platforms.Build.0 = FxCop45|Any CPU
		{C48F2229-7581-4AC7-AF29-3C193D612380}.FxCop35|x64.ActiveCfg = FxCop45|Any CPU
		{C48F2229-7581-4AC7-AF29-3C193D612380}.FxCop35|x86.ActiveCfg = FxCop45|Any CPU
		{C48F2229-7581-4AC7-AF29-3C193D612380}.FxCop40|Any CPU.ActiveCfg = FxCop40|Any CPU
		{C48F2229-7581-4AC7-AF29-3C193D612380}.FxCop40|Any CPU.Build.0 = FxCop40|Any CPU
		{C48F2229-7581-4AC7-AF29-3C193D612380}.FxCop40|Mixed Platforms.ActiveCfg = Debug45|Any CPU
		{C48F2229-7581-4AC7-AF29-3C193D612380}.FxCop40|Mixed Platforms.Build.0 = Debug45|Any CPU
		{C48F2229-7581-4AC7-AF29-3C193D612380}.FxCop40|x64.ActiveCfg = Debug45|Any CPU
		{C48F2229-7581-4AC7-AF29-3C193D612380}.FxCop40|x86.ActiveCfg = Debug45|Any CPU
		{C48F2229-7581-4AC7-AF29-3C193D612380}.FxCop45|Any CPU.ActiveCfg = FxCop45|Any CPU
		{C48F2229-7581-4AC7-AF29-3C193D612380}.FxCop45|Any CPU.Build.0 = FxCop45|Any CPU
		{C48F2229-7581-4AC7-AF29-3C193D612380}.FxCop45|Mixed Platforms.ActiveCfg = FxCop45|Any CPU
		{C48F2229-7581-4AC7-AF29-3C193D612380}.FxCop45|Mixed Platforms.Build.0 = FxCop45|Any CPU
		{C48F2229-7581-4AC7-AF29-3C193D612380}.FxCop45|x64.ActiveCfg = FxCop45|Any CPU
		{C48F2229-7581-4AC7-AF29-3C193D612380}.FxCop45|x86.ActiveCfg = FxCop45|Any CPU
		{C48F2229-7581-4AC7-AF29-3C193D612380}.Release35|Any CPU.ActiveCfg = Release35|Any CPU
		{C48F2229-7581-4AC7-AF29-3C193D612380}.Release35|Any CPU.Build.0 = Release35|Any CPU
		{C48F2229-7581-4AC7-AF29-3C193D612380}.Release35|Mixed Platforms.ActiveCfg = Release45|Any CPU
		{C48F2229-7581-4AC7-AF29-3C193D612380}.Release35|Mixed Platforms.Build.0 = Release45|Any CPU
		{C48F2229-7581-4AC7-AF29-3C193D612380}.Release35|x64.ActiveCfg = Release45|Any CPU
		{C48F2229-7581-4AC7-AF29-3C193D612380}.Release35|x86.ActiveCfg = Release45|Any CPU
		{C48F2229-7581-4AC7-AF29-3C193D612380}.Release40|Any CPU.ActiveCfg = Release40|Any CPU
		{C48F2229-7581-4AC7-AF29-3C193D612380}.Release40|Any CPU.Build.0 = Release40|Any CPU
		{C48F2229-7581-4AC7-AF29-3C193D612380}.Release40|Mixed Platforms.ActiveCfg = Release45|Any CPU
		{C48F2229-7581-4AC7-AF29-3C193D612380}.Release40|Mixed Platforms.Build.0 = Release45|Any CPU
		{C48F2229-7581-4AC7-AF29-3C193D612380}.Release40|x64.ActiveCfg = Release45|Any CPU
		{C48F2229-7581-4AC7-AF29-3C193D612380}.Release40|x86.ActiveCfg = Release45|Any CPU
		{C48F2229-7581-4AC7-AF29-3C193D612380}.Release45|Any CPU.ActiveCfg = Release45|Any CPU
		{C48F2229-7581-4AC7-AF29-3C193D612380}.Release45|Any CPU.Build.0 = Release45|Any CPU
		{C48F2229-7581-4AC7-AF29-3C193D612380}.Release45|Mixed Platforms.ActiveCfg = Release45|Any CPU
		{C48F2229-7581-4AC7-AF29-3C193D612380}.Release45|Mixed Platforms.Build.0 = Release45|Any CPU
		{C48F2229-7581-4AC7-AF29-3C193D612380}.Release45|x64.ActiveCfg = Release45|Any CPU
		{C48F2229-7581-4AC7-AF29-3C193D612380}.Release45|x86.ActiveCfg = Release45|Any CPU
	EndGlobalSection
	GlobalSection(SolutionProperties) = preSolution
		HideSolutionNode = FALSE
	EndGlobalSection
EndGlobal
