
Microsoft Visual Studio Solution File, Format Version 12.00
# Visual Studio 14
VisualStudioVersion = 14.0.25420.1
MinimumVisualStudioVersion = 10.0.40219.1
Project("{FAE04EC0-301F-11D3-BF4B-00C04F79EFBC}") = "Kraken.Core.SandboxTrust", "Kraken.Core.SandboxTrust\Kraken.Core.SandboxTrust.csproj", "{DAB0080D-C9B1-442E-84DF-FC47AD8A442A}"
EndProject
Project("{FAE04EC0-301F-11D3-BF4B-00C04F79EFBC}") = "Kraken.SharePoint.Client", "Kraken.SharePoint.Client\Kraken.SharePoint.Client.csproj", "{2DEE87B3-663E-4DF8-8510-3CAD67013BE0}"
EndProject
Project("{FAE04EC0-301F-11D3-BF4B-00C04F79EFBC}") = "Kraken.SharePoint.Client.Test", "Kraken.SharePoint.Client.Test\Kraken.SharePoint.Client.Test.csproj", "{82EF8A54-61CD-4802-8416-DC6FFE4542D3}"
EndProject
Project("{FAE04EC0-301F-11D3-BF4B-00C04F79EFBC}") = "Kraken.SharePoint.Cloud", "Kraken.SharePoint.Cloud\Kraken.SharePoint.Cloud.csproj", "{8B6DF604-44DD-4F6F-AE84-E2D6BF7112CB}"
EndProject
Project("{FAE04EC0-301F-11D3-BF4B-00C04F79EFBC}") = "Kraken.SPSandboxLibrary", "Kraken.SPSandboxLibrary\Kraken.SPSandboxLibrary.csproj", "{DFF9B6EA-5C6E-4079-8506-181220FC7148}"
EndProject
Project("{FAE04EC0-301F-11D3-BF4B-00C04F79EFBC}") = "Kraken.Core.Security", "Kraken.Core.Security\Kraken.Core.Security.csproj", "{8340684F-3374-4741-AF80-63AF161E23DF}"
EndProject
Project("{FF286327-C783-4F7A-AB73-9BCBAD0D4460}") = "Kraken.SPSandboxLibrary.Nuget", "Kraken.SPSandboxLibrary.Nuget2\Kraken.SPSandboxLibrary.Nuget.nuproj", "{6B6957A7-F980-43C3-B241-D7044E1E3A3B}"
EndProject
Global
	GlobalSection(SolutionConfigurationPlatforms) = preSolution
		Debug|Any CPU = Debug|Any CPU
		Debug|Mixed Platforms = Debug|Mixed Platforms
		Debug|x64 = Debug|x64
		Debug|x86 = Debug|x86
		DebugSP14_35|Any CPU = DebugSP14_35|Any CPU
		DebugSP14_35|Mixed Platforms = DebugSP14_35|Mixed Platforms
		DebugSP14_35|x64 = DebugSP14_35|x64
		DebugSP14_35|x86 = DebugSP14_35|x86
		DebugSP15_45|Any CPU = DebugSP15_45|Any CPU
		DebugSP15_45|Mixed Platforms = DebugSP15_45|Mixed Platforms
		DebugSP15_45|x64 = DebugSP15_45|x64
		DebugSP15_45|x86 = DebugSP15_45|x86
		DebugSP16_45|Any CPU = DebugSP16_45|Any CPU
		DebugSP16_45|Mixed Platforms = DebugSP16_45|Mixed Platforms
		DebugSP16_45|x64 = DebugSP16_45|x64
		DebugSP16_45|x86 = DebugSP16_45|x86
		FxCopSP14_35|Any CPU = FxCopSP14_35|Any CPU
		FxCopSP14_35|Mixed Platforms = FxCopSP14_35|Mixed Platforms
		FxCopSP14_35|x64 = FxCopSP14_35|x64
		FxCopSP14_35|x86 = FxCopSP14_35|x86
		FxCopSP15_45|Any CPU = FxCopSP15_45|Any CPU
		FxCopSP15_45|Mixed Platforms = FxCopSP15_45|Mixed Platforms
		FxCopSP15_45|x64 = FxCopSP15_45|x64
		FxCopSP15_45|x86 = FxCopSP15_45|x86
		FxCopSP16_45|Any CPU = FxCopSP16_45|Any CPU
		FxCopSP16_45|Mixed Platforms = FxCopSP16_45|Mixed Platforms
		FxCopSP16_45|x64 = FxCopSP16_45|x64
		FxCopSP16_45|x86 = FxCopSP16_45|x86
		Release|Any CPU = Release|Any CPU
		Release|Mixed Platforms = Release|Mixed Platforms
		Release|x64 = Release|x64
		Release|x86 = Release|x86
		ReleaseSP14_35|Any CPU = ReleaseSP14_35|Any CPU
		ReleaseSP14_35|Mixed Platforms = ReleaseSP14_35|Mixed Platforms
		ReleaseSP14_35|x64 = ReleaseSP14_35|x64
		ReleaseSP14_35|x86 = ReleaseSP14_35|x86
		ReleaseSP15_45|Any CPU = ReleaseSP15_45|Any CPU
		ReleaseSP15_45|Mixed Platforms = ReleaseSP15_45|Mixed Platforms
		ReleaseSP15_45|x64 = ReleaseSP15_45|x64
		ReleaseSP15_45|x86 = ReleaseSP15_45|x86
		ReleaseSP16_45|Any CPU = ReleaseSP16_45|Any CPU
		ReleaseSP16_45|Mixed Platforms = ReleaseSP16_45|Mixed Platforms
		ReleaseSP16_45|x64 = ReleaseSP16_45|x64
		ReleaseSP16_45|x86 = ReleaseSP16_45|x86
	EndGlobalSection
	GlobalSection(ProjectConfigurationPlatforms) = postSolution
		{DAB0080D-C9B1-442E-84DF-FC47AD8A442A}.Debug|Any CPU.ActiveCfg = Debug45|Any CPU
		{DAB0080D-C9B1-442E-84DF-FC47AD8A442A}.Debug|Any CPU.Build.0 = Debug45|Any CPU
		{DAB0080D-C9B1-442E-84DF-FC47AD8A442A}.Debug|Mixed Platforms.ActiveCfg = Debug45|Any CPU
		{DAB0080D-C9B1-442E-84DF-FC47AD8A442A}.Debug|Mixed Platforms.Build.0 = Debug45|Any CPU
		{DAB0080D-C9B1-442E-84DF-FC47AD8A442A}.Debug|x64.ActiveCfg = Debug45|Any CPU
		{DAB0080D-C9B1-442E-84DF-FC47AD8A442A}.Debug|x86.ActiveCfg = Debug45|Any CPU
		{DAB0080D-C9B1-442E-84DF-FC47AD8A442A}.DebugSP14_35|Any CPU.ActiveCfg = Debug35|Any CPU
		{DAB0080D-C9B1-442E-84DF-FC47AD8A442A}.DebugSP14_35|Any CPU.Build.0 = Debug35|Any CPU
		{DAB0080D-C9B1-442E-84DF-FC47AD8A442A}.DebugSP14_35|Mixed Platforms.ActiveCfg = Debug40|Any CPU
		{DAB0080D-C9B1-442E-84DF-FC47AD8A442A}.DebugSP14_35|x64.ActiveCfg = Debug35|Any CPU
		{DAB0080D-C9B1-442E-84DF-FC47AD8A442A}.DebugSP14_35|x86.ActiveCfg = Debug35|Any CPU
		{DAB0080D-C9B1-442E-84DF-FC47AD8A442A}.DebugSP15_45|Any CPU.ActiveCfg = Debug45|Any CPU
		{DAB0080D-C9B1-442E-84DF-FC47AD8A442A}.DebugSP15_45|Any CPU.Build.0 = Debug45|Any CPU
		{DAB0080D-C9B1-442E-84DF-FC47AD8A442A}.DebugSP15_45|Mixed Platforms.ActiveCfg = Debug40|Any CPU
		{DAB0080D-C9B1-442E-84DF-FC47AD8A442A}.DebugSP15_45|x64.ActiveCfg = Debug40|Any CPU
		{DAB0080D-C9B1-442E-84DF-FC47AD8A442A}.DebugSP15_45|x86.ActiveCfg = Debug40|Any CPU
		{DAB0080D-C9B1-442E-84DF-FC47AD8A442A}.DebugSP16_45|Any CPU.ActiveCfg = Debug45|Any CPU
		{DAB0080D-C9B1-442E-84DF-FC47AD8A442A}.DebugSP16_45|Any CPU.Build.0 = Debug45|Any CPU
		{DAB0080D-C9B1-442E-84DF-FC47AD8A442A}.DebugSP16_45|Mixed Platforms.ActiveCfg = Debug40|Any CPU
		{DAB0080D-C9B1-442E-84DF-FC47AD8A442A}.DebugSP16_45|x64.ActiveCfg = Debug45|Any CPU
		{DAB0080D-C9B1-442E-84DF-FC47AD8A442A}.DebugSP16_45|x86.ActiveCfg = Debug45|Any CPU
		{DAB0080D-C9B1-442E-84DF-FC47AD8A442A}.FxCopSP14_35|Any CPU.ActiveCfg = FxCop35|Any CPU
		{DAB0080D-C9B1-442E-84DF-FC47AD8A442A}.FxCopSP14_35|Any CPU.Build.0 = FxCop35|Any CPU
		{DAB0080D-C9B1-442E-84DF-FC47AD8A442A}.FxCopSP14_35|Mixed Platforms.ActiveCfg = FxCop40|Any CPU
		{DAB0080D-C9B1-442E-84DF-FC47AD8A442A}.FxCopSP14_35|x64.ActiveCfg = FxCop35|Any CPU
		{DAB0080D-C9B1-442E-84DF-FC47AD8A442A}.FxCopSP14_35|x86.ActiveCfg = FxCop35|Any CPU
		{DAB0080D-C9B1-442E-84DF-FC47AD8A442A}.FxCopSP15_45|Any CPU.ActiveCfg = FxCop45|Any CPU
		{DAB0080D-C9B1-442E-84DF-FC47AD8A442A}.FxCopSP15_45|Any CPU.Build.0 = FxCop45|Any CPU
		{DAB0080D-C9B1-442E-84DF-FC47AD8A442A}.FxCopSP15_45|Mixed Platforms.ActiveCfg = FxCop40|Any CPU
		{DAB0080D-C9B1-442E-84DF-FC47AD8A442A}.FxCopSP15_45|x64.ActiveCfg = FxCop40|Any CPU
		{DAB0080D-C9B1-442E-84DF-FC47AD8A442A}.FxCopSP15_45|x86.ActiveCfg = FxCop40|Any CPU
		{DAB0080D-C9B1-442E-84DF-FC47AD8A442A}.FxCopSP16_45|Any CPU.ActiveCfg = FxCop45|Any CPU
		{DAB0080D-C9B1-442E-84DF-FC47AD8A442A}.FxCopSP16_45|Any CPU.Build.0 = FxCop45|Any CPU
		{DAB0080D-C9B1-442E-84DF-FC47AD8A442A}.FxCopSP16_45|Mixed Platforms.ActiveCfg = FxCop40|Any CPU
		{DAB0080D-C9B1-442E-84DF-FC47AD8A442A}.FxCopSP16_45|x64.ActiveCfg = FxCop45|Any CPU
		{DAB0080D-C9B1-442E-84DF-FC47AD8A442A}.FxCopSP16_45|x86.ActiveCfg = FxCop45|Any CPU
		{DAB0080D-C9B1-442E-84DF-FC47AD8A442A}.Release|Any CPU.ActiveCfg = Release45|Any CPU
		{DAB0080D-C9B1-442E-84DF-FC47AD8A442A}.Release|Any CPU.Build.0 = Release45|Any CPU
		{DAB0080D-C9B1-442E-84DF-FC47AD8A442A}.Release|Mixed Platforms.ActiveCfg = Release45|Any CPU
		{DAB0080D-C9B1-442E-84DF-FC47AD8A442A}.Release|Mixed Platforms.Build.0 = Release45|Any CPU
		{DAB0080D-C9B1-442E-84DF-FC47AD8A442A}.Release|x64.ActiveCfg = Release45|Any CPU
		{DAB0080D-C9B1-442E-84DF-FC47AD8A442A}.Release|x86.ActiveCfg = Release45|Any CPU
		{DAB0080D-C9B1-442E-84DF-FC47AD8A442A}.ReleaseSP14_35|Any CPU.ActiveCfg = Release35|Any CPU
		{DAB0080D-C9B1-442E-84DF-FC47AD8A442A}.ReleaseSP14_35|Any CPU.Build.0 = Release35|Any CPU
		{DAB0080D-C9B1-442E-84DF-FC47AD8A442A}.ReleaseSP14_35|Mixed Platforms.ActiveCfg = Release40|Any CPU
		{DAB0080D-C9B1-442E-84DF-FC47AD8A442A}.ReleaseSP14_35|x64.ActiveCfg = Release35|Any CPU
		{DAB0080D-C9B1-442E-84DF-FC47AD8A442A}.ReleaseSP14_35|x86.ActiveCfg = Release35|Any CPU
		{DAB0080D-C9B1-442E-84DF-FC47AD8A442A}.ReleaseSP15_45|Any CPU.ActiveCfg = Release45|Any CPU
		{DAB0080D-C9B1-442E-84DF-FC47AD8A442A}.ReleaseSP15_45|Any CPU.Build.0 = Release45|Any CPU
		{DAB0080D-C9B1-442E-84DF-FC47AD8A442A}.ReleaseSP15_45|Mixed Platforms.ActiveCfg = Release40|Any CPU
		{DAB0080D-C9B1-442E-84DF-FC47AD8A442A}.ReleaseSP15_45|x64.ActiveCfg = Release40|Any CPU
		{DAB0080D-C9B1-442E-84DF-FC47AD8A442A}.ReleaseSP15_45|x86.ActiveCfg = Release40|Any CPU
		{DAB0080D-C9B1-442E-84DF-FC47AD8A442A}.ReleaseSP16_45|Any CPU.ActiveCfg = Release45|Any CPU
		{DAB0080D-C9B1-442E-84DF-FC47AD8A442A}.ReleaseSP16_45|Any CPU.Build.0 = Release45|Any CPU
		{DAB0080D-C9B1-442E-84DF-FC47AD8A442A}.ReleaseSP16_45|Mixed Platforms.ActiveCfg = Release40|Any CPU
		{DAB0080D-C9B1-442E-84DF-FC47AD8A442A}.ReleaseSP16_45|x64.ActiveCfg = Release45|Any CPU
		{DAB0080D-C9B1-442E-84DF-FC47AD8A442A}.ReleaseSP16_45|x86.ActiveCfg = Release45|Any CPU
		{2DEE87B3-663E-4DF8-8510-3CAD67013BE0}.Debug|Any CPU.ActiveCfg = DebugSP15_45|Any CPU
		{2DEE87B3-663E-4DF8-8510-3CAD67013BE0}.Debug|Any CPU.Build.0 = DebugSP15_45|Any CPU
		{2DEE87B3-663E-4DF8-8510-3CAD67013BE0}.Debug|Mixed Platforms.ActiveCfg = DebugSP15_45|Any CPU
		{2DEE87B3-663E-4DF8-8510-3CAD67013BE0}.Debug|Mixed Platforms.Build.0 = DebugSP15_45|Any CPU
		{2DEE87B3-663E-4DF8-8510-3CAD67013BE0}.Debug|x64.ActiveCfg = DebugSP15_45|Any CPU
		{2DEE87B3-663E-4DF8-8510-3CAD67013BE0}.Debug|x86.ActiveCfg = DebugSP15_45|Any CPU
		{2DEE87B3-663E-4DF8-8510-3CAD67013BE0}.DebugSP14_35|Any CPU.ActiveCfg = DebugSP14_35|Any CPU
		{2DEE87B3-663E-4DF8-8510-3CAD67013BE0}.DebugSP14_35|Any CPU.Build.0 = DebugSP14_35|Any CPU
		{2DEE87B3-663E-4DF8-8510-3CAD67013BE0}.DebugSP14_35|Mixed Platforms.ActiveCfg = DebugSP14_35|Any CPU
		{2DEE87B3-663E-4DF8-8510-3CAD67013BE0}.DebugSP14_35|x64.ActiveCfg = DebugSP16_45|Any CPU
		{2DEE87B3-663E-4DF8-8510-3CAD67013BE0}.DebugSP14_35|x86.ActiveCfg = DebugSP16_45|Any CPU
		{2DEE87B3-663E-4DF8-8510-3CAD67013BE0}.DebugSP15_45|Any CPU.ActiveCfg = DebugSP15_45|Any CPU
		{2DEE87B3-663E-4DF8-8510-3CAD67013BE0}.DebugSP15_45|Any CPU.Build.0 = DebugSP15_45|Any CPU
		{2DEE87B3-663E-4DF8-8510-3CAD67013BE0}.DebugSP15_45|Mixed Platforms.ActiveCfg = DebugSP15_45|Any CPU
		{2DEE87B3-663E-4DF8-8510-3CAD67013BE0}.DebugSP15_45|Mixed Platforms.Build.0 = DebugSP15_45|Any CPU
		{2DEE87B3-663E-4DF8-8510-3CAD67013BE0}.DebugSP15_45|x64.ActiveCfg = DebugSP16_45|Any CPU
		{2DEE87B3-663E-4DF8-8510-3CAD67013BE0}.DebugSP15_45|x86.ActiveCfg = DebugSP16_45|Any CPU
		{2DEE87B3-663E-4DF8-8510-3CAD67013BE0}.DebugSP16_45|Any CPU.ActiveCfg = DebugSP16_45|Any CPU
		{2DEE87B3-663E-4DF8-8510-3CAD67013BE0}.DebugSP16_45|Any CPU.Build.0 = DebugSP16_45|Any CPU
		{2DEE87B3-663E-4DF8-8510-3CAD67013BE0}.DebugSP16_45|Mixed Platforms.ActiveCfg = DebugSP14_35|Any CPU
		{2DEE87B3-663E-4DF8-8510-3CAD67013BE0}.DebugSP16_45|Mixed Platforms.Build.0 = DebugSP14_35|Any CPU
		{2DEE87B3-663E-4DF8-8510-3CAD67013BE0}.DebugSP16_45|x64.ActiveCfg = DebugSP16_45|Any CPU
		{2DEE87B3-663E-4DF8-8510-3CAD67013BE0}.DebugSP16_45|x86.ActiveCfg = DebugSP16_45|Any CPU
		{2DEE87B3-663E-4DF8-8510-3CAD67013BE0}.FxCopSP14_35|Any CPU.ActiveCfg = FxCopSP14_35|Any CPU
		{2DEE87B3-663E-4DF8-8510-3CAD67013BE0}.FxCopSP14_35|Any CPU.Build.0 = FxCopSP14_35|Any CPU
		{2DEE87B3-663E-4DF8-8510-3CAD67013BE0}.FxCopSP14_35|Mixed Platforms.ActiveCfg = FxCopSP14_35|Any CPU
		{2DEE87B3-663E-4DF8-8510-3CAD67013BE0}.FxCopSP14_35|x64.ActiveCfg = FxCopSP16_45|Any CPU
		{2DEE87B3-663E-4DF8-8510-3CAD67013BE0}.FxCopSP14_35|x86.ActiveCfg = FxCopSP16_45|Any CPU
		{2DEE87B3-663E-4DF8-8510-3CAD67013BE0}.FxCopSP15_45|Any CPU.ActiveCfg = FxCopSP15_45|Any CPU
		{2DEE87B3-663E-4DF8-8510-3CAD67013BE0}.FxCopSP15_45|Any CPU.Build.0 = FxCopSP15_45|Any CPU
		{2DEE87B3-663E-4DF8-8510-3CAD67013BE0}.FxCopSP15_45|Mixed Platforms.ActiveCfg = FxCopSP15_45|Any CPU
		{2DEE87B3-663E-4DF8-8510-3CAD67013BE0}.FxCopSP15_45|Mixed Platforms.Build.0 = FxCopSP15_45|Any CPU
		{2DEE87B3-663E-4DF8-8510-3CAD67013BE0}.FxCopSP15_45|x64.ActiveCfg = FxCopSP16_45|Any CPU
		{2DEE87B3-663E-4DF8-8510-3CAD67013BE0}.FxCopSP15_45|x86.ActiveCfg = FxCopSP16_45|Any CPU
		{2DEE87B3-663E-4DF8-8510-3CAD67013BE0}.FxCopSP16_45|Any CPU.ActiveCfg = FxCopSP16_45|Any CPU
		{2DEE87B3-663E-4DF8-8510-3CAD67013BE0}.FxCopSP16_45|Any CPU.Build.0 = FxCopSP16_45|Any CPU
		{2DEE87B3-663E-4DF8-8510-3CAD67013BE0}.FxCopSP16_45|Mixed Platforms.ActiveCfg = FxCopSP14_35|Any CPU
		{2DEE87B3-663E-4DF8-8510-3CAD67013BE0}.FxCopSP16_45|Mixed Platforms.Build.0 = FxCopSP14_35|Any CPU
		{2DEE87B3-663E-4DF8-8510-3CAD67013BE0}.FxCopSP16_45|x64.ActiveCfg = FxCopSP16_45|Any CPU
		{2DEE87B3-663E-4DF8-8510-3CAD67013BE0}.FxCopSP16_45|x86.ActiveCfg = FxCopSP16_45|Any CPU
		{2DEE87B3-663E-4DF8-8510-3CAD67013BE0}.Release|Any CPU.ActiveCfg = ReleaseSP15_45|Any CPU
		{2DEE87B3-663E-4DF8-8510-3CAD67013BE0}.Release|Any CPU.Build.0 = ReleaseSP15_45|Any CPU
		{2DEE87B3-663E-4DF8-8510-3CAD67013BE0}.Release|Mixed Platforms.ActiveCfg = ReleaseSP15_45|Any CPU
		{2DEE87B3-663E-4DF8-8510-3CAD67013BE0}.Release|Mixed Platforms.Build.0 = ReleaseSP15_45|Any CPU
		{2DEE87B3-663E-4DF8-8510-3CAD67013BE0}.Release|x64.ActiveCfg = ReleaseSP15_45|Any CPU
		{2DEE87B3-663E-4DF8-8510-3CAD67013BE0}.Release|x86.ActiveCfg = ReleaseSP15_45|Any CPU
		{2DEE87B3-663E-4DF8-8510-3CAD67013BE0}.ReleaseSP14_35|Any CPU.ActiveCfg = ReleaseSP14_35|Any CPU
		{2DEE87B3-663E-4DF8-8510-3CAD67013BE0}.ReleaseSP14_35|Any CPU.Build.0 = ReleaseSP14_35|Any CPU
		{2DEE87B3-663E-4DF8-8510-3CAD67013BE0}.ReleaseSP14_35|Mixed Platforms.ActiveCfg = ReleaseSP14_35|Any CPU
		{2DEE87B3-663E-4DF8-8510-3CAD67013BE0}.ReleaseSP14_35|x64.ActiveCfg = ReleaseSP16_45|Any CPU
		{2DEE87B3-663E-4DF8-8510-3CAD67013BE0}.ReleaseSP14_35|x86.ActiveCfg = ReleaseSP16_45|Any CPU
		{2DEE87B3-663E-4DF8-8510-3CAD67013BE0}.ReleaseSP15_45|Any CPU.ActiveCfg = ReleaseSP15_45|Any CPU
		{2DEE87B3-663E-4DF8-8510-3CAD67013BE0}.ReleaseSP15_45|Any CPU.Build.0 = ReleaseSP15_45|Any CPU
		{2DEE87B3-663E-4DF8-8510-3CAD67013BE0}.ReleaseSP15_45|Mixed Platforms.ActiveCfg = ReleaseSP15_45|Any CPU
		{2DEE87B3-663E-4DF8-8510-3CAD67013BE0}.ReleaseSP15_45|Mixed Platforms.Build.0 = ReleaseSP15_45|Any CPU
		{2DEE87B3-663E-4DF8-8510-3CAD67013BE0}.ReleaseSP15_45|x64.ActiveCfg = ReleaseSP16_45|Any CPU
		{2DEE87B3-663E-4DF8-8510-3CAD67013BE0}.ReleaseSP15_45|x86.ActiveCfg = ReleaseSP16_45|Any CPU
		{2DEE87B3-663E-4DF8-8510-3CAD67013BE0}.ReleaseSP16_45|Any CPU.ActiveCfg = ReleaseSP16_45|Any CPU
		{2DEE87B3-663E-4DF8-8510-3CAD67013BE0}.ReleaseSP16_45|Any CPU.Build.0 = ReleaseSP16_45|Any CPU
		{2DEE87B3-663E-4DF8-8510-3CAD67013BE0}.ReleaseSP16_45|Mixed Platforms.ActiveCfg = ReleaseSP14_35|Any CPU
		{2DEE87B3-663E-4DF8-8510-3CAD67013BE0}.ReleaseSP16_45|Mixed Platforms.Build.0 = ReleaseSP14_35|Any CPU
		{2DEE87B3-663E-4DF8-8510-3CAD67013BE0}.ReleaseSP16_45|x64.ActiveCfg = ReleaseSP16_45|Any CPU
		{2DEE87B3-663E-4DF8-8510-3CAD67013BE0}.ReleaseSP16_45|x86.ActiveCfg = ReleaseSP16_45|Any CPU
		{82EF8A54-61CD-4802-8416-DC6FFE4542D3}.Debug|Any CPU.ActiveCfg = DebugSP15_45|Any CPU
		{82EF8A54-61CD-4802-8416-DC6FFE4542D3}.Debug|Any CPU.Build.0 = DebugSP15_45|Any CPU
		{82EF8A54-61CD-4802-8416-DC6FFE4542D3}.Debug|Mixed Platforms.ActiveCfg = DebugSP15_45|Any CPU
		{82EF8A54-61CD-4802-8416-DC6FFE4542D3}.Debug|Mixed Platforms.Build.0 = DebugSP15_45|Any CPU
		{82EF8A54-61CD-4802-8416-DC6FFE4542D3}.Debug|x64.ActiveCfg = DebugSP15_45|Any CPU
		{82EF8A54-61CD-4802-8416-DC6FFE4542D3}.Debug|x86.ActiveCfg = DebugSP15_45|Any CPU
		{82EF8A54-61CD-4802-8416-DC6FFE4542D3}.DebugSP14_35|Any CPU.ActiveCfg = DebugSP14_35|Any CPU
		{82EF8A54-61CD-4802-8416-DC6FFE4542D3}.DebugSP14_35|Any CPU.Build.0 = DebugSP14_35|Any CPU
		{82EF8A54-61CD-4802-8416-DC6FFE4542D3}.DebugSP14_35|Mixed Platforms.ActiveCfg = DebugSP14_35|Any CPU
		{82EF8A54-61CD-4802-8416-DC6FFE4542D3}.DebugSP14_35|x64.ActiveCfg = DebugSP16_45|Any CPU
		{82EF8A54-61CD-4802-8416-DC6FFE4542D3}.DebugSP14_35|x86.ActiveCfg = DebugSP16_45|Any CPU
		{82EF8A54-61CD-4802-8416-DC6FFE4542D3}.DebugSP15_45|Any CPU.ActiveCfg = DebugSP15_45|Any CPU
		{82EF8A54-61CD-4802-8416-DC6FFE4542D3}.DebugSP15_45|Any CPU.Build.0 = DebugSP15_45|Any CPU
		{82EF8A54-61CD-4802-8416-DC6FFE4542D3}.DebugSP15_45|Mixed Platforms.ActiveCfg = DebugSP15_45|Any CPU
		{82EF8A54-61CD-4802-8416-DC6FFE4542D3}.DebugSP15_45|Mixed Platforms.Build.0 = DebugSP15_45|Any CPU
		{82EF8A54-61CD-4802-8416-DC6FFE4542D3}.DebugSP15_45|x64.ActiveCfg = DebugSP16_45|Any CPU
		{82EF8A54-61CD-4802-8416-DC6FFE4542D3}.DebugSP15_45|x86.ActiveCfg = DebugSP16_45|Any CPU
		{82EF8A54-61CD-4802-8416-DC6FFE4542D3}.DebugSP16_45|Any CPU.ActiveCfg = DebugSP16_45|Any CPU
		{82EF8A54-61CD-4802-8416-DC6FFE4542D3}.DebugSP16_45|Any CPU.Build.0 = DebugSP16_45|Any CPU
		{82EF8A54-61CD-4802-8416-DC6FFE4542D3}.DebugSP16_45|Mixed Platforms.ActiveCfg = DebugSP14_35|Any CPU
		{82EF8A54-61CD-4802-8416-DC6FFE4542D3}.DebugSP16_45|Mixed Platforms.Build.0 = DebugSP14_35|Any CPU
		{82EF8A54-61CD-4802-8416-DC6FFE4542D3}.DebugSP16_45|x64.ActiveCfg = DebugSP16_45|Any CPU
		{82EF8A54-61CD-4802-8416-DC6FFE4542D3}.DebugSP16_45|x86.ActiveCfg = DebugSP16_45|Any CPU
		{82EF8A54-61CD-4802-8416-DC6FFE4542D3}.FxCopSP14_35|Any CPU.ActiveCfg = FxCopSP14_35|Any CPU
		{82EF8A54-61CD-4802-8416-DC6FFE4542D3}.FxCopSP14_35|Any CPU.Build.0 = FxCopSP14_35|Any CPU
		{82EF8A54-61CD-4802-8416-DC6FFE4542D3}.FxCopSP14_35|Mixed Platforms.ActiveCfg = FxCopSP14_35|Any CPU
		{82EF8A54-61CD-4802-8416-DC6FFE4542D3}.FxCopSP14_35|x64.ActiveCfg = FxCopSP16_45|Any CPU
		{82EF8A54-61CD-4802-8416-DC6FFE4542D3}.FxCopSP14_35|x86.ActiveCfg = FxCopSP16_45|Any CPU
		{82EF8A54-61CD-4802-8416-DC6FFE4542D3}.FxCopSP15_45|Any CPU.ActiveCfg = FxCopSP15_45|Any CPU
		{82EF8A54-61CD-4802-8416-DC6FFE4542D3}.FxCopSP15_45|Any CPU.Build.0 = FxCopSP15_45|Any CPU
		{82EF8A54-61CD-4802-8416-DC6FFE4542D3}.FxCopSP15_45|Mixed Platforms.ActiveCfg = FxCopSP15_45|Any CPU
		{82EF8A54-61CD-4802-8416-DC6FFE4542D3}.FxCopSP15_45|Mixed Platforms.Build.0 = FxCopSP15_45|Any CPU
		{82EF8A54-61CD-4802-8416-DC6FFE4542D3}.FxCopSP15_45|x64.ActiveCfg = FxCopSP16_45|Any CPU
		{82EF8A54-61CD-4802-8416-DC6FFE4542D3}.FxCopSP15_45|x86.ActiveCfg = FxCopSP16_45|Any CPU
		{82EF8A54-61CD-4802-8416-DC6FFE4542D3}.FxCopSP16_45|Any CPU.ActiveCfg = FxCopSP16_45|Any CPU
		{82EF8A54-61CD-4802-8416-DC6FFE4542D3}.FxCopSP16_45|Any CPU.Build.0 = FxCopSP16_45|Any CPU
		{82EF8A54-61CD-4802-8416-DC6FFE4542D3}.FxCopSP16_45|Mixed Platforms.ActiveCfg = FxCopSP14_35|Any CPU
		{82EF8A54-61CD-4802-8416-DC6FFE4542D3}.FxCopSP16_45|Mixed Platforms.Build.0 = FxCopSP14_35|Any CPU
		{82EF8A54-61CD-4802-8416-DC6FFE4542D3}.FxCopSP16_45|x64.ActiveCfg = FxCopSP16_45|Any CPU
		{82EF8A54-61CD-4802-8416-DC6FFE4542D3}.FxCopSP16_45|x86.ActiveCfg = FxCopSP16_45|Any CPU
		{82EF8A54-61CD-4802-8416-DC6FFE4542D3}.Release|Any CPU.ActiveCfg = ReleaseSP15_45|Any CPU
		{82EF8A54-61CD-4802-8416-DC6FFE4542D3}.Release|Any CPU.Build.0 = ReleaseSP15_45|Any CPU
		{82EF8A54-61CD-4802-8416-DC6FFE4542D3}.Release|Mixed Platforms.ActiveCfg = ReleaseSP15_45|Any CPU
		{82EF8A54-61CD-4802-8416-DC6FFE4542D3}.Release|Mixed Platforms.Build.0 = ReleaseSP15_45|Any CPU
		{82EF8A54-61CD-4802-8416-DC6FFE4542D3}.Release|x64.ActiveCfg = ReleaseSP15_45|Any CPU
		{82EF8A54-61CD-4802-8416-DC6FFE4542D3}.Release|x86.ActiveCfg = ReleaseSP15_45|Any CPU
		{82EF8A54-61CD-4802-8416-DC6FFE4542D3}.ReleaseSP14_35|Any CPU.ActiveCfg = ReleaseSP14_35|Any CPU
		{82EF8A54-61CD-4802-8416-DC6FFE4542D3}.ReleaseSP14_35|Any CPU.Build.0 = ReleaseSP14_35|Any CPU
		{82EF8A54-61CD-4802-8416-DC6FFE4542D3}.ReleaseSP14_35|Mixed Platforms.ActiveCfg = ReleaseSP14_35|Any CPU
		{82EF8A54-61CD-4802-8416-DC6FFE4542D3}.ReleaseSP14_35|x64.ActiveCfg = ReleaseSP16_45|Any CPU
		{82EF8A54-61CD-4802-8416-DC6FFE4542D3}.ReleaseSP14_35|x86.ActiveCfg = ReleaseSP16_45|Any CPU
		{82EF8A54-61CD-4802-8416-DC6FFE4542D3}.ReleaseSP15_45|Any CPU.ActiveCfg = ReleaseSP15_45|Any CPU
		{82EF8A54-61CD-4802-8416-DC6FFE4542D3}.ReleaseSP15_45|Any CPU.Build.0 = ReleaseSP15_45|Any CPU
		{82EF8A54-61CD-4802-8416-DC6FFE4542D3}.ReleaseSP15_45|Mixed Platforms.ActiveCfg = ReleaseSP15_45|Any CPU
		{82EF8A54-61CD-4802-8416-DC6FFE4542D3}.ReleaseSP15_45|Mixed Platforms.Build.0 = ReleaseSP15_45|Any CPU
		{82EF8A54-61CD-4802-8416-DC6FFE4542D3}.ReleaseSP15_45|x64.ActiveCfg = ReleaseSP16_45|Any CPU
		{82EF8A54-61CD-4802-8416-DC6FFE4542D3}.ReleaseSP15_45|x86.ActiveCfg = ReleaseSP16_45|Any CPU
		{82EF8A54-61CD-4802-8416-DC6FFE4542D3}.ReleaseSP16_45|Any CPU.ActiveCfg = ReleaseSP16_45|Any CPU
		{82EF8A54-61CD-4802-8416-DC6FFE4542D3}.ReleaseSP16_45|Any CPU.Build.0 = ReleaseSP16_45|Any CPU
		{82EF8A54-61CD-4802-8416-DC6FFE4542D3}.ReleaseSP16_45|Mixed Platforms.ActiveCfg = ReleaseSP14_35|Any CPU
		{82EF8A54-61CD-4802-8416-DC6FFE4542D3}.ReleaseSP16_45|Mixed Platforms.Build.0 = ReleaseSP14_35|Any CPU
		{82EF8A54-61CD-4802-8416-DC6FFE4542D3}.ReleaseSP16_45|x64.ActiveCfg = ReleaseSP16_45|Any CPU
		{82EF8A54-61CD-4802-8416-DC6FFE4542D3}.ReleaseSP16_45|x86.ActiveCfg = ReleaseSP16_45|Any CPU
		{8B6DF604-44DD-4F6F-AE84-E2D6BF7112CB}.Debug|Any CPU.ActiveCfg = DebugSP15_45|Any CPU
		{8B6DF604-44DD-4F6F-AE84-E2D6BF7112CB}.Debug|Any CPU.Build.0 = DebugSP15_45|Any CPU
		{8B6DF604-44DD-4F6F-AE84-E2D6BF7112CB}.Debug|Mixed Platforms.ActiveCfg = DebugSP15_45|Any CPU
		{8B6DF604-44DD-4F6F-AE84-E2D6BF7112CB}.Debug|Mixed Platforms.Build.0 = DebugSP15_45|Any CPU
		{8B6DF604-44DD-4F6F-AE84-E2D6BF7112CB}.Debug|x64.ActiveCfg = DebugSP15_45|Any CPU
		{8B6DF604-44DD-4F6F-AE84-E2D6BF7112CB}.Debug|x86.ActiveCfg = DebugSP15_45|Any CPU
		{8B6DF604-44DD-4F6F-AE84-E2D6BF7112CB}.DebugSP14_35|Any CPU.ActiveCfg = DebugSP14_35|Any CPU
		{8B6DF604-44DD-4F6F-AE84-E2D6BF7112CB}.DebugSP14_35|Any CPU.Build.0 = DebugSP14_35|Any CPU
		{8B6DF604-44DD-4F6F-AE84-E2D6BF7112CB}.DebugSP14_35|Mixed Platforms.ActiveCfg = DebugSP14_35|Any CPU
		{8B6DF604-44DD-4F6F-AE84-E2D6BF7112CB}.DebugSP14_35|x64.ActiveCfg = DebugSP16_45|Any CPU
		{8B6DF604-44DD-4F6F-AE84-E2D6BF7112CB}.DebugSP14_35|x86.ActiveCfg = DebugSP16_45|Any CPU
		{8B6DF604-44DD-4F6F-AE84-E2D6BF7112CB}.DebugSP15_45|Any CPU.ActiveCfg = DebugSP15_45|Any CPU
		{8B6DF604-44DD-4F6F-AE84-E2D6BF7112CB}.DebugSP15_45|Any CPU.Build.0 = DebugSP15_45|Any CPU
		{8B6DF604-44DD-4F6F-AE84-E2D6BF7112CB}.DebugSP15_45|Mixed Platforms.ActiveCfg = DebugSP15_45|Any CPU
		{8B6DF604-44DD-4F6F-AE84-E2D6BF7112CB}.DebugSP15_45|Mixed Platforms.Build.0 = DebugSP15_45|Any CPU
		{8B6DF604-44DD-4F6F-AE84-E2D6BF7112CB}.DebugSP15_45|x64.ActiveCfg = DebugSP16_45|Any CPU
		{8B6DF604-44DD-4F6F-AE84-E2D6BF7112CB}.DebugSP15_45|x86.ActiveCfg = DebugSP16_45|Any CPU
		{8B6DF604-44DD-4F6F-AE84-E2D6BF7112CB}.DebugSP16_45|Any CPU.ActiveCfg = DebugSP16_45|Any CPU
		{8B6DF604-44DD-4F6F-AE84-E2D6BF7112CB}.DebugSP16_45|Any CPU.Build.0 = DebugSP16_45|Any CPU
		{8B6DF604-44DD-4F6F-AE84-E2D6BF7112CB}.DebugSP16_45|Mixed Platforms.ActiveCfg = DebugSP14_35|Any CPU
		{8B6DF604-44DD-4F6F-AE84-E2D6BF7112CB}.DebugSP16_45|Mixed Platforms.Build.0 = DebugSP14_35|Any CPU
		{8B6DF604-44DD-4F6F-AE84-E2D6BF7112CB}.DebugSP16_45|x64.ActiveCfg = DebugSP16_45|Any CPU
		{8B6DF604-44DD-4F6F-AE84-E2D6BF7112CB}.DebugSP16_45|x86.ActiveCfg = DebugSP16_45|Any CPU
		{8B6DF604-44DD-4F6F-AE84-E2D6BF7112CB}.FxCopSP14_35|Any CPU.ActiveCfg = FxCopSP14_35|Any CPU
		{8B6DF604-44DD-4F6F-AE84-E2D6BF7112CB}.FxCopSP14_35|Any CPU.Build.0 = FxCopSP14_35|Any CPU
		{8B6DF604-44DD-4F6F-AE84-E2D6BF7112CB}.FxCopSP14_35|Mixed Platforms.ActiveCfg = FxCopSP14_35|Any CPU
		{8B6DF604-44DD-4F6F-AE84-E2D6BF7112CB}.FxCopSP14_35|x64.ActiveCfg = FxCopSP16_45|Any CPU
		{8B6DF604-44DD-4F6F-AE84-E2D6BF7112CB}.FxCopSP14_35|x86.ActiveCfg = FxCopSP16_45|Any CPU
		{8B6DF604-44DD-4F6F-AE84-E2D6BF7112CB}.FxCopSP15_45|Any CPU.ActiveCfg = FxCopSP15_45|Any CPU
		{8B6DF604-44DD-4F6F-AE84-E2D6BF7112CB}.FxCopSP15_45|Any CPU.Build.0 = FxCopSP15_45|Any CPU
		{8B6DF604-44DD-4F6F-AE84-E2D6BF7112CB}.FxCopSP15_45|Mixed Platforms.ActiveCfg = FxCopSP15_45|Any CPU
		{8B6DF604-44DD-4F6F-AE84-E2D6BF7112CB}.FxCopSP15_45|Mixed Platforms.Build.0 = FxCopSP15_45|Any CPU
		{8B6DF604-44DD-4F6F-AE84-E2D6BF7112CB}.FxCopSP15_45|x64.ActiveCfg = FxCopSP16_45|Any CPU
		{8B6DF604-44DD-4F6F-AE84-E2D6BF7112CB}.FxCopSP15_45|x86.ActiveCfg = FxCopSP16_45|Any CPU
		{8B6DF604-44DD-4F6F-AE84-E2D6BF7112CB}.FxCopSP16_45|Any CPU.ActiveCfg = FxCopSP16_45|Any CPU
		{8B6DF604-44DD-4F6F-AE84-E2D6BF7112CB}.FxCopSP16_45|Any CPU.Build.0 = FxCopSP16_45|Any CPU
		{8B6DF604-44DD-4F6F-AE84-E2D6BF7112CB}.FxCopSP16_45|Mixed Platforms.ActiveCfg = FxCopSP14_35|Any CPU
		{8B6DF604-44DD-4F6F-AE84-E2D6BF7112CB}.FxCopSP16_45|Mixed Platforms.Build.0 = FxCopSP14_35|Any CPU
		{8B6DF604-44DD-4F6F-AE84-E2D6BF7112CB}.FxCopSP16_45|x64.ActiveCfg = FxCopSP16_45|Any CPU
		{8B6DF604-44DD-4F6F-AE84-E2D6BF7112CB}.FxCopSP16_45|x86.ActiveCfg = FxCopSP16_45|Any CPU
		{8B6DF604-44DD-4F6F-AE84-E2D6BF7112CB}.Release|Any CPU.ActiveCfg = ReleaseSP15_45|Any CPU
		{8B6DF604-44DD-4F6F-AE84-E2D6BF7112CB}.Release|Any CPU.Build.0 = ReleaseSP15_45|Any CPU
		{8B6DF604-44DD-4F6F-AE84-E2D6BF7112CB}.Release|Mixed Platforms.ActiveCfg = ReleaseSP15_45|Any CPU
		{8B6DF604-44DD-4F6F-AE84-E2D6BF7112CB}.Release|Mixed Platforms.Build.0 = ReleaseSP15_45|Any CPU
		{8B6DF604-44DD-4F6F-AE84-E2D6BF7112CB}.Release|x64.ActiveCfg = ReleaseSP15_45|Any CPU
		{8B6DF604-44DD-4F6F-AE84-E2D6BF7112CB}.Release|x86.ActiveCfg = ReleaseSP15_45|Any CPU
		{8B6DF604-44DD-4F6F-AE84-E2D6BF7112CB}.ReleaseSP14_35|Any CPU.ActiveCfg = ReleaseSP14_35|Any CPU
		{8B6DF604-44DD-4F6F-AE84-E2D6BF7112CB}.ReleaseSP14_35|Any CPU.Build.0 = ReleaseSP14_35|Any CPU
		{8B6DF604-44DD-4F6F-AE84-E2D6BF7112CB}.ReleaseSP14_35|Mixed Platforms.ActiveCfg = ReleaseSP14_35|Any CPU
		{8B6DF604-44DD-4F6F-AE84-E2D6BF7112CB}.ReleaseSP14_35|x64.ActiveCfg = ReleaseSP16_45|Any CPU
		{8B6DF604-44DD-4F6F-AE84-E2D6BF7112CB}.ReleaseSP14_35|x86.ActiveCfg = ReleaseSP16_45|Any CPU
		{8B6DF604-44DD-4F6F-AE84-E2D6BF7112CB}.ReleaseSP15_45|Any CPU.ActiveCfg = ReleaseSP15_45|Any CPU
		{8B6DF604-44DD-4F6F-AE84-E2D6BF7112CB}.ReleaseSP15_45|Any CPU.Build.0 = ReleaseSP15_45|Any CPU
		{8B6DF604-44DD-4F6F-AE84-E2D6BF7112CB}.ReleaseSP15_45|Mixed Platforms.ActiveCfg = ReleaseSP15_45|Any CPU
		{8B6DF604-44DD-4F6F-AE84-E2D6BF7112CB}.ReleaseSP15_45|Mixed Platforms.Build.0 = ReleaseSP15_45|Any CPU
		{8B6DF604-44DD-4F6F-AE84-E2D6BF7112CB}.ReleaseSP15_45|x64.ActiveCfg = ReleaseSP16_45|Any CPU
		{8B6DF604-44DD-4F6F-AE84-E2D6BF7112CB}.ReleaseSP15_45|x86.ActiveCfg = ReleaseSP16_45|Any CPU
		{8B6DF604-44DD-4F6F-AE84-E2D6BF7112CB}.ReleaseSP16_45|Any CPU.ActiveCfg = ReleaseSP16_45|Any CPU
		{8B6DF604-44DD-4F6F-AE84-E2D6BF7112CB}.ReleaseSP16_45|Any CPU.Build.0 = ReleaseSP16_45|Any CPU
		{8B6DF604-44DD-4F6F-AE84-E2D6BF7112CB}.ReleaseSP16_45|Mixed Platforms.ActiveCfg = ReleaseSP14_35|Any CPU
		{8B6DF604-44DD-4F6F-AE84-E2D6BF7112CB}.ReleaseSP16_45|Mixed Platforms.Build.0 = ReleaseSP14_35|Any CPU
		{8B6DF604-44DD-4F6F-AE84-E2D6BF7112CB}.ReleaseSP16_45|x64.ActiveCfg = ReleaseSP16_45|Any CPU
		{8B6DF604-44DD-4F6F-AE84-E2D6BF7112CB}.ReleaseSP16_45|x86.ActiveCfg = ReleaseSP16_45|Any CPU
		{DFF9B6EA-5C6E-4079-8506-181220FC7148}.Debug|Any CPU.ActiveCfg = DebugSP16_45|Any CPU
		{DFF9B6EA-5C6E-4079-8506-181220FC7148}.Debug|Any CPU.Build.0 = DebugSP16_45|Any CPU
		{DFF9B6EA-5C6E-4079-8506-181220FC7148}.Debug|Mixed Platforms.ActiveCfg = DebugSP16_45|Any CPU
		{DFF9B6EA-5C6E-4079-8506-181220FC7148}.Debug|Mixed Platforms.Build.0 = DebugSP16_45|Any CPU
		{DFF9B6EA-5C6E-4079-8506-181220FC7148}.Debug|x64.ActiveCfg = DebugSP16_45|Any CPU
		{DFF9B6EA-5C6E-4079-8506-181220FC7148}.Debug|x86.ActiveCfg = DebugSP16_45|Any CPU
		{DFF9B6EA-5C6E-4079-8506-181220FC7148}.DebugSP14_35|Any CPU.ActiveCfg = DebugSP14_35|Any CPU
		{DFF9B6EA-5C6E-4079-8506-181220FC7148}.DebugSP14_35|Any CPU.Build.0 = DebugSP14_35|Any CPU
		{DFF9B6EA-5C6E-4079-8506-181220FC7148}.DebugSP14_35|Mixed Platforms.ActiveCfg = DebugSP14_35|Any CPU
		{DFF9B6EA-5C6E-4079-8506-181220FC7148}.DebugSP14_35|x64.ActiveCfg = DebugSP15_45|Any CPU
		{DFF9B6EA-5C6E-4079-8506-181220FC7148}.DebugSP14_35|x86.ActiveCfg = DebugSP15_45|Any CPU
		{DFF9B6EA-5C6E-4079-8506-181220FC7148}.DebugSP15_45|Any CPU.ActiveCfg = DebugSP15_45|Any CPU
		{DFF9B6EA-5C6E-4079-8506-181220FC7148}.DebugSP15_45|Any CPU.Build.0 = DebugSP15_45|Any CPU
		{DFF9B6EA-5C6E-4079-8506-181220FC7148}.DebugSP15_45|Mixed Platforms.ActiveCfg = DebugSP15_45|Any CPU
		{DFF9B6EA-5C6E-4079-8506-181220FC7148}.DebugSP15_45|x64.ActiveCfg = DebugSP15_45|Any CPU
		{DFF9B6EA-5C6E-4079-8506-181220FC7148}.DebugSP15_45|x86.ActiveCfg = DebugSP15_45|Any CPU
		{DFF9B6EA-5C6E-4079-8506-181220FC7148}.DebugSP16_45|Any CPU.ActiveCfg = DebugSP15_45|Any CPU
		{DFF9B6EA-5C6E-4079-8506-181220FC7148}.DebugSP16_45|Any CPU.Build.0 = DebugSP15_45|Any CPU
		{DFF9B6EA-5C6E-4079-8506-181220FC7148}.DebugSP16_45|Mixed Platforms.ActiveCfg = DebugSP14_35|Any CPU
		{DFF9B6EA-5C6E-4079-8506-181220FC7148}.DebugSP16_45|x64.ActiveCfg = DebugSP15_45|Any CPU
		{DFF9B6EA-5C6E-4079-8506-181220FC7148}.DebugSP16_45|x86.ActiveCfg = DebugSP15_45|Any CPU
		{DFF9B6EA-5C6E-4079-8506-181220FC7148}.FxCopSP14_35|Any CPU.ActiveCfg = FxCopSP14_35|Any CPU
		{DFF9B6EA-5C6E-4079-8506-181220FC7148}.FxCopSP14_35|Any CPU.Build.0 = FxCopSP14_35|Any CPU
		{DFF9B6EA-5C6E-4079-8506-181220FC7148}.FxCopSP14_35|Mixed Platforms.ActiveCfg = FxCopSP14_35|Any CPU
		{DFF9B6EA-5C6E-4079-8506-181220FC7148}.FxCopSP14_35|x64.ActiveCfg = FxCopSP15_45|Any CPU
		{DFF9B6EA-5C6E-4079-8506-181220FC7148}.FxCopSP14_35|x86.ActiveCfg = FxCopSP15_45|Any CPU
		{DFF9B6EA-5C6E-4079-8506-181220FC7148}.FxCopSP15_45|Any CPU.ActiveCfg = FxCopSP15_45|Any CPU
		{DFF9B6EA-5C6E-4079-8506-181220FC7148}.FxCopSP15_45|Any CPU.Build.0 = FxCopSP15_45|Any CPU
		{DFF9B6EA-5C6E-4079-8506-181220FC7148}.FxCopSP15_45|Mixed Platforms.ActiveCfg = FxCopSP15_45|Any CPU
		{DFF9B6EA-5C6E-4079-8506-181220FC7148}.FxCopSP15_45|x64.ActiveCfg = FxCopSP15_45|Any CPU
		{DFF9B6EA-5C6E-4079-8506-181220FC7148}.FxCopSP15_45|x86.ActiveCfg = FxCopSP15_45|Any CPU
		{DFF9B6EA-5C6E-4079-8506-181220FC7148}.FxCopSP16_45|Any CPU.ActiveCfg = FxCopSP15_45|Any CPU
		{DFF9B6EA-5C6E-4079-8506-181220FC7148}.FxCopSP16_45|Any CPU.Build.0 = FxCopSP15_45|Any CPU
		{DFF9B6EA-5C6E-4079-8506-181220FC7148}.FxCopSP16_45|Mixed Platforms.ActiveCfg = FxCopSP14_35|Any CPU
		{DFF9B6EA-5C6E-4079-8506-181220FC7148}.FxCopSP16_45|x64.ActiveCfg = FxCopSP15_45|Any CPU
		{DFF9B6EA-5C6E-4079-8506-181220FC7148}.FxCopSP16_45|x86.ActiveCfg = FxCopSP15_45|Any CPU
		{DFF9B6EA-5C6E-4079-8506-181220FC7148}.Release|Any CPU.ActiveCfg = ReleaseSP16_45|Any CPU
		{DFF9B6EA-5C6E-4079-8506-181220FC7148}.Release|Any CPU.Build.0 = ReleaseSP16_45|Any CPU
		{DFF9B6EA-5C6E-4079-8506-181220FC7148}.Release|Mixed Platforms.ActiveCfg = ReleaseSP16_45|Any CPU
		{DFF9B6EA-5C6E-4079-8506-181220FC7148}.Release|Mixed Platforms.Build.0 = ReleaseSP16_45|Any CPU
		{DFF9B6EA-5C6E-4079-8506-181220FC7148}.Release|x64.ActiveCfg = ReleaseSP16_45|Any CPU
		{DFF9B6EA-5C6E-4079-8506-181220FC7148}.Release|x86.ActiveCfg = ReleaseSP16_45|Any CPU
		{DFF9B6EA-5C6E-4079-8506-181220FC7148}.ReleaseSP14_35|Any CPU.ActiveCfg = ReleaseSP14_35|Any CPU
		{DFF9B6EA-5C6E-4079-8506-181220FC7148}.ReleaseSP14_35|Any CPU.Build.0 = ReleaseSP14_35|Any CPU
		{DFF9B6EA-5C6E-4079-8506-181220FC7148}.ReleaseSP14_35|Mixed Platforms.ActiveCfg = ReleaseSP14_35|Any CPU
		{DFF9B6EA-5C6E-4079-8506-181220FC7148}.ReleaseSP14_35|x64.ActiveCfg = ReleaseSP15_45|Any CPU
		{DFF9B6EA-5C6E-4079-8506-181220FC7148}.ReleaseSP14_35|x86.ActiveCfg = ReleaseSP15_45|Any CPU
		{DFF9B6EA-5C6E-4079-8506-181220FC7148}.ReleaseSP15_45|Any CPU.ActiveCfg = ReleaseSP15_45|Any CPU
		{DFF9B6EA-5C6E-4079-8506-181220FC7148}.ReleaseSP15_45|Any CPU.Build.0 = ReleaseSP15_45|Any CPU
		{DFF9B6EA-5C6E-4079-8506-181220FC7148}.ReleaseSP15_45|Mixed Platforms.ActiveCfg = ReleaseSP15_45|Any CPU
		{DFF9B6EA-5C6E-4079-8506-181220FC7148}.ReleaseSP15_45|x64.ActiveCfg = ReleaseSP15_45|Any CPU
		{DFF9B6EA-5C6E-4079-8506-181220FC7148}.ReleaseSP15_45|x86.ActiveCfg = ReleaseSP15_45|Any CPU
		{DFF9B6EA-5C6E-4079-8506-181220FC7148}.ReleaseSP16_45|Any CPU.ActiveCfg = ReleaseSP15_45|Any CPU
		{DFF9B6EA-5C6E-4079-8506-181220FC7148}.ReleaseSP16_45|Any CPU.Build.0 = ReleaseSP15_45|Any CPU
		{DFF9B6EA-5C6E-4079-8506-181220FC7148}.ReleaseSP16_45|Mixed Platforms.ActiveCfg = ReleaseSP14_35|Any CPU
		{DFF9B6EA-5C6E-4079-8506-181220FC7148}.ReleaseSP16_45|x64.ActiveCfg = ReleaseSP15_45|Any CPU
		{DFF9B6EA-5C6E-4079-8506-181220FC7148}.ReleaseSP16_45|x86.ActiveCfg = ReleaseSP15_45|Any CPU
		{8340684F-3374-4741-AF80-63AF161E23DF}.Debug|Any CPU.ActiveCfg = Debug40|Any CPU
		{8340684F-3374-4741-AF80-63AF161E23DF}.Debug|Any CPU.Build.0 = Debug40|Any CPU
		{8340684F-3374-4741-AF80-63AF161E23DF}.Debug|Mixed Platforms.ActiveCfg = Debug40|Any CPU
		{8340684F-3374-4741-AF80-63AF161E23DF}.Debug|Mixed Platforms.Build.0 = Debug40|Any CPU
		{8340684F-3374-4741-AF80-63AF161E23DF}.Debug|x64.ActiveCfg = Debug40|Any CPU
		{8340684F-3374-4741-AF80-63AF161E23DF}.Debug|x86.ActiveCfg = Debug40|Any CPU
		{8340684F-3374-4741-AF80-63AF161E23DF}.DebugSP14_35|Any CPU.ActiveCfg = Debug35|Any CPU
		{8340684F-3374-4741-AF80-63AF161E23DF}.DebugSP14_35|Any CPU.Build.0 = Debug35|Any CPU
		{8340684F-3374-4741-AF80-63AF161E23DF}.DebugSP14_35|Mixed Platforms.ActiveCfg = Debug45|Any CPU
		{8340684F-3374-4741-AF80-63AF161E23DF}.DebugSP14_35|Mixed Platforms.Build.0 = Debug45|Any CPU
		{8340684F-3374-4741-AF80-63AF161E23DF}.DebugSP14_35|x64.ActiveCfg = Debug45|Any CPU
		{8340684F-3374-4741-AF80-63AF161E23DF}.DebugSP14_35|x86.ActiveCfg = Debug45|Any CPU
		{8340684F-3374-4741-AF80-63AF161E23DF}.DebugSP15_45|Any CPU.ActiveCfg = Debug45|Any CPU
		{8340684F-3374-4741-AF80-63AF161E23DF}.DebugSP15_45|Any CPU.Build.0 = Debug45|Any CPU
		{8340684F-3374-4741-AF80-63AF161E23DF}.DebugSP15_45|Mixed Platforms.ActiveCfg = Debug45|Any CPU
		{8340684F-3374-4741-AF80-63AF161E23DF}.DebugSP15_45|Mixed Platforms.Build.0 = Debug45|Any CPU
		{8340684F-3374-4741-AF80-63AF161E23DF}.DebugSP15_45|x64.ActiveCfg = Debug45|Any CPU
		{8340684F-3374-4741-AF80-63AF161E23DF}.DebugSP15_45|x86.ActiveCfg = Debug45|Any CPU
		{8340684F-3374-4741-AF80-63AF161E23DF}.DebugSP16_45|Any CPU.ActiveCfg = Debug45|Any CPU
		{8340684F-3374-4741-AF80-63AF161E23DF}.DebugSP16_45|Any CPU.Build.0 = Debug45|Any CPU
		{8340684F-3374-4741-AF80-63AF161E23DF}.DebugSP16_45|Mixed Platforms.ActiveCfg = Debug45|Any CPU
		{8340684F-3374-4741-AF80-63AF161E23DF}.DebugSP16_45|Mixed Platforms.Build.0 = Debug45|Any CPU
		{8340684F-3374-4741-AF80-63AF161E23DF}.DebugSP16_45|x64.ActiveCfg = Debug45|Any CPU
		{8340684F-3374-4741-AF80-63AF161E23DF}.DebugSP16_45|x86.ActiveCfg = Debug45|Any CPU
		{8340684F-3374-4741-AF80-63AF161E23DF}.FxCopSP14_35|Any CPU.ActiveCfg = FxCop35|Any CPU
		{8340684F-3374-4741-AF80-63AF161E23DF}.FxCopSP14_35|Any CPU.Build.0 = FxCop35|Any CPU
		{8340684F-3374-4741-AF80-63AF161E23DF}.FxCopSP14_35|Mixed Platforms.ActiveCfg = FxCop45|Any CPU
		{8340684F-3374-4741-AF80-63AF161E23DF}.FxCopSP14_35|Mixed Platforms.Build.0 = FxCop45|Any CPU
		{8340684F-3374-4741-AF80-63AF161E23DF}.FxCopSP14_35|x64.ActiveCfg = FxCop45|Any CPU
		{8340684F-3374-4741-AF80-63AF161E23DF}.FxCopSP14_35|x86.ActiveCfg = FxCop45|Any CPU
		{8340684F-3374-4741-AF80-63AF161E23DF}.FxCopSP15_45|Any CPU.ActiveCfg = FxCop45|Any CPU
		{8340684F-3374-4741-AF80-63AF161E23DF}.FxCopSP15_45|Any CPU.Build.0 = FxCop45|Any CPU
		{8340684F-3374-4741-AF80-63AF161E23DF}.FxCopSP15_45|Mixed Platforms.ActiveCfg = FxCop45|Any CPU
		{8340684F-3374-4741-AF80-63AF161E23DF}.FxCopSP15_45|Mixed Platforms.Build.0 = FxCop45|Any CPU
		{8340684F-3374-4741-AF80-63AF161E23DF}.FxCopSP15_45|x64.ActiveCfg = FxCop45|Any CPU
		{8340684F-3374-4741-AF80-63AF161E23DF}.FxCopSP15_45|x86.ActiveCfg = FxCop45|Any CPU
		{8340684F-3374-4741-AF80-63AF161E23DF}.FxCopSP16_45|Any CPU.ActiveCfg = FxCop45|Any CPU
		{8340684F-3374-4741-AF80-63AF161E23DF}.FxCopSP16_45|Any CPU.Build.0 = FxCop45|Any CPU
		{8340684F-3374-4741-AF80-63AF161E23DF}.FxCopSP16_45|Mixed Platforms.ActiveCfg = FxCop45|Any CPU
		{8340684F-3374-4741-AF80-63AF161E23DF}.FxCopSP16_45|Mixed Platforms.Build.0 = FxCop45|Any CPU
		{8340684F-3374-4741-AF80-63AF161E23DF}.FxCopSP16_45|x64.ActiveCfg = FxCop45|Any CPU
		{8340684F-3374-4741-AF80-63AF161E23DF}.FxCopSP16_45|x86.ActiveCfg = FxCop45|Any CPU
		{8340684F-3374-4741-AF80-63AF161E23DF}.Release|Any CPU.ActiveCfg = Release40|Any CPU
		{8340684F-3374-4741-AF80-63AF161E23DF}.Release|Any CPU.Build.0 = Release40|Any CPU
		{8340684F-3374-4741-AF80-63AF161E23DF}.Release|Mixed Platforms.ActiveCfg = Release40|Any CPU
		{8340684F-3374-4741-AF80-63AF161E23DF}.Release|Mixed Platforms.Build.0 = Release40|Any CPU
		{8340684F-3374-4741-AF80-63AF161E23DF}.Release|x64.ActiveCfg = Release40|Any CPU
		{8340684F-3374-4741-AF80-63AF161E23DF}.Release|x86.ActiveCfg = Release40|Any CPU
		{8340684F-3374-4741-AF80-63AF161E23DF}.ReleaseSP14_35|Any CPU.ActiveCfg = Release35|Any CPU
		{8340684F-3374-4741-AF80-63AF161E23DF}.ReleaseSP14_35|Any CPU.Build.0 = Release35|Any CPU
		{8340684F-3374-4741-AF80-63AF161E23DF}.ReleaseSP14_35|Mixed Platforms.ActiveCfg = Release45|Any CPU
		{8340684F-3374-4741-AF80-63AF161E23DF}.ReleaseSP14_35|Mixed Platforms.Build.0 = Release45|Any CPU
		{8340684F-3374-4741-AF80-63AF161E23DF}.ReleaseSP14_35|x64.ActiveCfg = Release45|Any CPU
		{8340684F-3374-4741-AF80-63AF161E23DF}.ReleaseSP14_35|x86.ActiveCfg = Release45|Any CPU
		{8340684F-3374-4741-AF80-63AF161E23DF}.ReleaseSP15_45|Any CPU.ActiveCfg = Release45|Any CPU
		{8340684F-3374-4741-AF80-63AF161E23DF}.ReleaseSP15_45|Any CPU.Build.0 = Release45|Any CPU
		{8340684F-3374-4741-AF80-63AF161E23DF}.ReleaseSP15_45|Mixed Platforms.ActiveCfg = Release45|Any CPU
		{8340684F-3374-4741-AF80-63AF161E23DF}.ReleaseSP15_45|Mixed Platforms.Build.0 = Release45|Any CPU
		{8340684F-3374-4741-AF80-63AF161E23DF}.ReleaseSP15_45|x64.ActiveCfg = Release45|Any CPU
		{8340684F-3374-4741-AF80-63AF161E23DF}.ReleaseSP15_45|x86.ActiveCfg = Release45|Any CPU
		{8340684F-3374-4741-AF80-63AF161E23DF}.ReleaseSP16_45|Any CPU.ActiveCfg = Release45|Any CPU
		{8340684F-3374-4741-AF80-63AF161E23DF}.ReleaseSP16_45|Any CPU.Build.0 = Release45|Any CPU
		{8340684F-3374-4741-AF80-63AF161E23DF}.ReleaseSP16_45|Mixed Platforms.ActiveCfg = Release45|Any CPU
		{8340684F-3374-4741-AF80-63AF161E23DF}.ReleaseSP16_45|Mixed Platforms.Build.0 = Release45|Any CPU
		{8340684F-3374-4741-AF80-63AF161E23DF}.ReleaseSP16_45|x64.ActiveCfg = Release45|Any CPU
		{8340684F-3374-4741-AF80-63AF161E23DF}.ReleaseSP16_45|x86.ActiveCfg = Release45|Any CPU
		{6B6957A7-F980-43C3-B241-D7044E1E3A3B}.Debug|Any CPU.ActiveCfg = Debug|Any CPU
		{6B6957A7-F980-43C3-B241-D7044E1E3A3B}.Debug|Any CPU.Build.0 = Debug|Any CPU
		{6B6957A7-F980-43C3-B241-D7044E1E3A3B}.Debug|Mixed Platforms.ActiveCfg = Debug|Any CPU
		{6B6957A7-F980-43C3-B241-D7044E1E3A3B}.Debug|Mixed Platforms.Build.0 = Debug|Any CPU
		{6B6957A7-F980-43C3-B241-D7044E1E3A3B}.Debug|x64.ActiveCfg = Debug|Any CPU
		{6B6957A7-F980-43C3-B241-D7044E1E3A3B}.Debug|x64.Build.0 = Debug|Any CPU
		{6B6957A7-F980-43C3-B241-D7044E1E3A3B}.Debug|x86.ActiveCfg = Debug|Any CPU
		{6B6957A7-F980-43C3-B241-D7044E1E3A3B}.Debug|x86.Build.0 = Debug|Any CPU
		{6B6957A7-F980-43C3-B241-D7044E1E3A3B}.DebugSP14_35|Any CPU.ActiveCfg = Debug|Any CPU
		{6B6957A7-F980-43C3-B241-D7044E1E3A3B}.DebugSP14_35|Any CPU.Build.0 = Debug|Any CPU
		{6B6957A7-F980-43C3-B241-D7044E1E3A3B}.DebugSP14_35|Mixed Platforms.ActiveCfg = Debug|Any CPU
		{6B6957A7-F980-43C3-B241-D7044E1E3A3B}.DebugSP14_35|Mixed Platforms.Build.0 = Debug|Any CPU
		{6B6957A7-F980-43C3-B241-D7044E1E3A3B}.DebugSP14_35|x64.ActiveCfg = Debug|Any CPU
		{6B6957A7-F980-43C3-B241-D7044E1E3A3B}.DebugSP14_35|x64.Build.0 = Debug|Any CPU
		{6B6957A7-F980-43C3-B241-D7044E1E3A3B}.DebugSP14_35|x86.ActiveCfg = Debug|Any CPU
		{6B6957A7-F980-43C3-B241-D7044E1E3A3B}.DebugSP14_35|x86.Build.0 = Debug|Any CPU
		{6B6957A7-F980-43C3-B241-D7044E1E3A3B}.DebugSP15_45|Any CPU.ActiveCfg = Debug|Any CPU
		{6B6957A7-F980-43C3-B241-D7044E1E3A3B}.DebugSP15_45|Any CPU.Build.0 = Debug|Any CPU
		{6B6957A7-F980-43C3-B241-D7044E1E3A3B}.DebugSP15_45|Mixed Platforms.ActiveCfg = Debug|Any CPU
		{6B6957A7-F980-43C3-B241-D7044E1E3A3B}.DebugSP15_45|Mixed Platforms.Build.0 = Debug|Any CPU
		{6B6957A7-F980-43C3-B241-D7044E1E3A3B}.DebugSP15_45|x64.ActiveCfg = Debug|Any CPU
		{6B6957A7-F980-43C3-B241-D7044E1E3A3B}.DebugSP15_45|x64.Build.0 = Debug|Any CPU
		{6B6957A7-F980-43C3-B241-D7044E1E3A3B}.DebugSP15_45|x86.ActiveCfg = Debug|Any CPU
		{6B6957A7-F980-43C3-B241-D7044E1E3A3B}.DebugSP15_45|x86.Build.0 = Debug|Any CPU
		{6B6957A7-F980-43C3-B241-D7044E1E3A3B}.DebugSP16_45|Any CPU.ActiveCfg = Debug|Any CPU
		{6B6957A7-F980-43C3-B241-D7044E1E3A3B}.DebugSP16_45|Any CPU.Build.0 = Debug|Any CPU
		{6B6957A7-F980-43C3-B241-D7044E1E3A3B}.DebugSP16_45|Mixed Platforms.ActiveCfg = Debug|Any CPU
		{6B6957A7-F980-43C3-B241-D7044E1E3A3B}.DebugSP16_45|Mixed Platforms.Build.0 = Debug|Any CPU
		{6B6957A7-F980-43C3-B241-D7044E1E3A3B}.DebugSP16_45|x64.ActiveCfg = Debug|Any CPU
		{6B6957A7-F980-43C3-B241-D7044E1E3A3B}.DebugSP16_45|x64.Build.0 = Debug|Any CPU
		{6B6957A7-F980-43C3-B241-D7044E1E3A3B}.DebugSP16_45|x86.ActiveCfg = Debug|Any CPU
		{6B6957A7-F980-43C3-B241-D7044E1E3A3B}.DebugSP16_45|x86.Build.0 = Debug|Any CPU
		{6B6957A7-F980-43C3-B241-D7044E1E3A3B}.FxCopSP14_35|Any CPU.ActiveCfg = Debug|Any CPU
		{6B6957A7-F980-43C3-B241-D7044E1E3A3B}.FxCopSP14_35|Any CPU.Build.0 = Debug|Any CPU
		{6B6957A7-F980-43C3-B241-D7044E1E3A3B}.FxCopSP14_35|Mixed Platforms.ActiveCfg = Debug|Any CPU
		{6B6957A7-F980-43C3-B241-D7044E1E3A3B}.FxCopSP14_35|Mixed Platforms.Build.0 = Debug|Any CPU
		{6B6957A7-F980-43C3-B241-D7044E1E3A3B}.FxCopSP14_35|x64.ActiveCfg = Debug|Any CPU
		{6B6957A7-F980-43C3-B241-D7044E1E3A3B}.FxCopSP14_35|x64.Build.0 = Debug|Any CPU
		{6B6957A7-F980-43C3-B241-D7044E1E3A3B}.FxCopSP14_35|x86.ActiveCfg = Debug|Any CPU
		{6B6957A7-F980-43C3-B241-D7044E1E3A3B}.FxCopSP14_35|x86.Build.0 = Debug|Any CPU
		{6B6957A7-F980-43C3-B241-D7044E1E3A3B}.FxCopSP15_45|Any CPU.ActiveCfg = Debug|Any CPU
		{6B6957A7-F980-43C3-B241-D7044E1E3A3B}.FxCopSP15_45|Any CPU.Build.0 = Debug|Any CPU
		{6B6957A7-F980-43C3-B241-D7044E1E3A3B}.FxCopSP15_45|Mixed Platforms.ActiveCfg = Debug|Any CPU
		{6B6957A7-F980-43C3-B241-D7044E1E3A3B}.FxCopSP15_45|Mixed Platforms.Build.0 = Debug|Any CPU
		{6B6957A7-F980-43C3-B241-D7044E1E3A3B}.FxCopSP15_45|x64.ActiveCfg = Debug|Any CPU
		{6B6957A7-F980-43C3-B241-D7044E1E3A3B}.FxCopSP15_45|x64.Build.0 = Debug|Any CPU
		{6B6957A7-F980-43C3-B241-D7044E1E3A3B}.FxCopSP15_45|x86.ActiveCfg = Debug|Any CPU
		{6B6957A7-F980-43C3-B241-D7044E1E3A3B}.FxCopSP15_45|x86.Build.0 = Debug|Any CPU
		{6B6957A7-F980-43C3-B241-D7044E1E3A3B}.FxCopSP16_45|Any CPU.ActiveCfg = Debug|Any CPU
		{6B6957A7-F980-43C3-B241-D7044E1E3A3B}.FxCopSP16_45|Any CPU.Build.0 = Debug|Any CPU
		{6B6957A7-F980-43C3-B241-D7044E1E3A3B}.FxCopSP16_45|Mixed Platforms.ActiveCfg = Debug|Any CPU
		{6B6957A7-F980-43C3-B241-D7044E1E3A3B}.FxCopSP16_45|Mixed Platforms.Build.0 = Debug|Any CPU
		{6B6957A7-F980-43C3-B241-D7044E1E3A3B}.FxCopSP16_45|x64.ActiveCfg = Debug|Any CPU
		{6B6957A7-F980-43C3-B241-D7044E1E3A3B}.FxCopSP16_45|x64.Build.0 = Debug|Any CPU
		{6B6957A7-F980-43C3-B241-D7044E1E3A3B}.FxCopSP16_45|x86.ActiveCfg = Debug|Any CPU
		{6B6957A7-F980-43C3-B241-D7044E1E3A3B}.FxCopSP16_45|x86.Build.0 = Debug|Any CPU
		{6B6957A7-F980-43C3-B241-D7044E1E3A3B}.Release|Any CPU.ActiveCfg = Release|Any CPU
		{6B6957A7-F980-43C3-B241-D7044E1E3A3B}.Release|Any CPU.Build.0 = Release|Any CPU
		{6B6957A7-F980-43C3-B241-D7044E1E3A3B}.Release|Mixed Platforms.ActiveCfg = Release|Any CPU
		{6B6957A7-F980-43C3-B241-D7044E1E3A3B}.Release|Mixed Platforms.Build.0 = Release|Any CPU
		{6B6957A7-F980-43C3-B241-D7044E1E3A3B}.Release|x64.ActiveCfg = Release|Any CPU
		{6B6957A7-F980-43C3-B241-D7044E1E3A3B}.Release|x64.Build.0 = Release|Any CPU
		{6B6957A7-F980-43C3-B241-D7044E1E3A3B}.Release|x86.ActiveCfg = Release|Any CPU
		{6B6957A7-F980-43C3-B241-D7044E1E3A3B}.Release|x86.Build.0 = Release|Any CPU
		{6B6957A7-F980-43C3-B241-D7044E1E3A3B}.ReleaseSP14_35|Any CPU.ActiveCfg = Release|Any CPU
		{6B6957A7-F980-43C3-B241-D7044E1E3A3B}.ReleaseSP14_35|Any CPU.Build.0 = Release|Any CPU
		{6B6957A7-F980-43C3-B241-D7044E1E3A3B}.ReleaseSP14_35|Mixed Platforms.ActiveCfg = Release|Any CPU
		{6B6957A7-F980-43C3-B241-D7044E1E3A3B}.ReleaseSP14_35|Mixed Platforms.Build.0 = Release|Any CPU
		{6B6957A7-F980-43C3-B241-D7044E1E3A3B}.ReleaseSP14_35|x64.ActiveCfg = Release|Any CPU
		{6B6957A7-F980-43C3-B241-D7044E1E3A3B}.ReleaseSP14_35|x64.Build.0 = Release|Any CPU
		{6B6957A7-F980-43C3-B241-D7044E1E3A3B}.ReleaseSP14_35|x86.ActiveCfg = Release|Any CPU
		{6B6957A7-F980-43C3-B241-D7044E1E3A3B}.ReleaseSP14_35|x86.Build.0 = Release|Any CPU
		{6B6957A7-F980-43C3-B241-D7044E1E3A3B}.ReleaseSP15_45|Any CPU.ActiveCfg = Release|Any CPU
		{6B6957A7-F980-43C3-B241-D7044E1E3A3B}.ReleaseSP15_45|Any CPU.Build.0 = Release|Any CPU
		{6B6957A7-F980-43C3-B241-D7044E1E3A3B}.ReleaseSP15_45|Mixed Platforms.ActiveCfg = Release|Any CPU
		{6B6957A7-F980-43C3-B241-D7044E1E3A3B}.ReleaseSP15_45|Mixed Platforms.Build.0 = Release|Any CPU
		{6B6957A7-F980-43C3-B241-D7044E1E3A3B}.ReleaseSP15_45|x64.ActiveCfg = Release|Any CPU
		{6B6957A7-F980-43C3-B241-D7044E1E3A3B}.ReleaseSP15_45|x64.Build.0 = Release|Any CPU
		{6B6957A7-F980-43C3-B241-D7044E1E3A3B}.ReleaseSP15_45|x86.ActiveCfg = Release|Any CPU
		{6B6957A7-F980-43C3-B241-D7044E1E3A3B}.ReleaseSP15_45|x86.Build.0 = Release|Any CPU
		{6B6957A7-F980-43C3-B241-D7044E1E3A3B}.ReleaseSP16_45|Any CPU.ActiveCfg = Release|Any CPU
		{6B6957A7-F980-43C3-B241-D7044E1E3A3B}.ReleaseSP16_45|Any CPU.Build.0 = Release|Any CPU
		{6B6957A7-F980-43C3-B241-D7044E1E3A3B}.ReleaseSP16_45|Mixed Platforms.ActiveCfg = Release|Any CPU
		{6B6957A7-F980-43C3-B241-D7044E1E3A3B}.ReleaseSP16_45|Mixed Platforms.Build.0 = Release|Any CPU
		{6B6957A7-F980-43C3-B241-D7044E1E3A3B}.ReleaseSP16_45|x64.ActiveCfg = Release|Any CPU
		{6B6957A7-F980-43C3-B241-D7044E1E3A3B}.ReleaseSP16_45|x64.Build.0 = Release|Any CPU
		{6B6957A7-F980-43C3-B241-D7044E1E3A3B}.ReleaseSP16_45|x86.ActiveCfg = Release|Any CPU
		{6B6957A7-F980-43C3-B241-D7044E1E3A3B}.ReleaseSP16_45|x86.Build.0 = Release|Any CPU
	EndGlobalSection
	GlobalSection(SolutionProperties) = preSolution
		HideSolutionNode = FALSE
	EndGlobalSection
EndGlobal
